// !$*UTF8*$!
{
	archiveVersion = 1;
	classes = {
	};
	objectVersion = 46;
	objects = {

/* Begin PBXBuildFile section */
		F2014D361A30DA9F00DA8A0F /* Buttons.swift in Sources */ = {isa = PBXBuildFile; fileRef = F2014D351A30DA9F00DA8A0F /* Buttons.swift */; };
		F20D3D271A251B4700510B15 /* CollisionManager.swift in Sources */ = {isa = PBXBuildFile; fileRef = F20D3D251A251B4700510B15 /* CollisionManager.swift */; };
		F20D3D281A251B4700510B15 /* Energy.swift in Sources */ = {isa = PBXBuildFile; fileRef = F20D3D261A251B4700510B15 /* Energy.swift */; };
		F2143A3E1A36822500926E06 /* EnergyUp@2x.png in Resources */ = {isa = PBXBuildFile; fileRef = F2143A3D1A36822500926E06 /* EnergyUp@2x.png */; };
		F2143A401A36827F00926E06 /* PelletGunPowerup.swift in Sources */ = {isa = PBXBuildFile; fileRef = F2143A3F1A36827F00926E06 /* PelletGunPowerup.swift */; };
		F2143A421A3685BE00926E06 /* Laser2@2x.png in Resources */ = {isa = PBXBuildFile; fileRef = F2143A411A3685BE00926E06 /* Laser2@2x.png */; };
		F2143A451A368E4B00926E06 /* LaserBullet.swift in Sources */ = {isa = PBXBuildFile; fileRef = F2143A431A368E4B00926E06 /* LaserBullet.swift */; };
		F2143A461A368E4B00926E06 /* LaserPowerup.swift in Sources */ = {isa = PBXBuildFile; fileRef = F2143A441A368E4B00926E06 /* LaserPowerup.swift */; };
		F2143A481A368FB800926E06 /* Laser@2x.png in Resources */ = {isa = PBXBuildFile; fileRef = F2143A471A368FB800926E06 /* Laser@2x.png */; };
		F2143A4A1A36B62F00926E06 /* TutorialScene.swift in Sources */ = {isa = PBXBuildFile; fileRef = F2143A491A36B62F00926E06 /* TutorialScene.swift */; };
		F2143A4C1A36B68000926E06 /* TutorialScreen@2x.png in Resources */ = {isa = PBXBuildFile; fileRef = F2143A4B1A36B68000926E06 /* TutorialScreen@2x.png */; };
		F2143A4E1A36B82600926E06 /* LaserBolt@2x.png in Resources */ = {isa = PBXBuildFile; fileRef = F2143A4D1A36B82600926E06 /* LaserBolt@2x.png */; };
		F216DE001A2E5D9A0014A7FA /* MainMenu.swift in Sources */ = {isa = PBXBuildFile; fileRef = F216DDFF1A2E5D9A0014A7FA /* MainMenu.swift */; };
		F216DE021A2E608A0014A7FA /* MultiplayerStaging.swift in Sources */ = {isa = PBXBuildFile; fileRef = F216DE011A2E608A0014A7FA /* MultiplayerStaging.swift */; };
		F21E81AB1A365DA300F5895A /* CreditsPage2@2x.png in Resources */ = {isa = PBXBuildFile; fileRef = F21E81AA1A365DA300F5895A /* CreditsPage2@2x.png */; };
		F21E81B41A3665A400F5895A /* Ship4@2x.png in Resources */ = {isa = PBXBuildFile; fileRef = F21E81AD1A3665A400F5895A /* Ship4@2x.png */; };
		F21E81B51A3665A400F5895A /* Ship4TiltLeft1@2x.png in Resources */ = {isa = PBXBuildFile; fileRef = F21E81AE1A3665A400F5895A /* Ship4TiltLeft1@2x.png */; };
		F21E81B61A3665A400F5895A /* Ship4TiltLeft2@2x.png in Resources */ = {isa = PBXBuildFile; fileRef = F21E81AF1A3665A400F5895A /* Ship4TiltLeft2@2x.png */; };
		F21E81B71A3665A400F5895A /* Ship4TiltLeft3@2x.png in Resources */ = {isa = PBXBuildFile; fileRef = F21E81B01A3665A400F5895A /* Ship4TiltLeft3@2x.png */; };
		F21E81B81A3665A400F5895A /* Ship4TiltRight1@2x.png in Resources */ = {isa = PBXBuildFile; fileRef = F21E81B11A3665A400F5895A /* Ship4TiltRight1@2x.png */; };
		F21E81B91A3665A400F5895A /* Ship4TiltRight2@2x.png in Resources */ = {isa = PBXBuildFile; fileRef = F21E81B21A3665A400F5895A /* Ship4TiltRight2@2x.png */; };
		F21E81BA1A3665A400F5895A /* Ship4TiltRight3@2x.png in Resources */ = {isa = PBXBuildFile; fileRef = F21E81B31A3665A400F5895A /* Ship4TiltRight3@2x.png */; };
		F21E81E31A36681000F5895A /* Ship1@2x.png in Resources */ = {isa = PBXBuildFile; fileRef = F21E81BC1A36681000F5895A /* Ship1@2x.png */; };
		F21E81E41A36681000F5895A /* Ship1TiltLeft1@2x.png in Resources */ = {isa = PBXBuildFile; fileRef = F21E81BD1A36681000F5895A /* Ship1TiltLeft1@2x.png */; };
		F21E81E51A36681000F5895A /* Ship1TiltLeft2@2x.png in Resources */ = {isa = PBXBuildFile; fileRef = F21E81BE1A36681000F5895A /* Ship1TiltLeft2@2x.png */; };
		F21E81E61A36681000F5895A /* Ship1TiltLeft3@2x.png in Resources */ = {isa = PBXBuildFile; fileRef = F21E81BF1A36681000F5895A /* Ship1TiltLeft3@2x.png */; };
		F21E81E71A36681000F5895A /* Ship1TiltRight1@2x.png in Resources */ = {isa = PBXBuildFile; fileRef = F21E81C01A36681000F5895A /* Ship1TiltRight1@2x.png */; };
		F21E81E81A36681000F5895A /* Ship1TiltRight2@2x.png in Resources */ = {isa = PBXBuildFile; fileRef = F21E81C11A36681000F5895A /* Ship1TiltRight2@2x.png */; };
		F21E81E91A36681000F5895A /* Ship1TiltRight3@2x.png in Resources */ = {isa = PBXBuildFile; fileRef = F21E81C21A36681000F5895A /* Ship1TiltRight3@2x.png */; };
		F21E81EA1A36681000F5895A /* Ship2@2x.png in Resources */ = {isa = PBXBuildFile; fileRef = F21E81C41A36681000F5895A /* Ship2@2x.png */; };
		F21E81EB1A36681000F5895A /* Ship2TiltLeft1@2x.png in Resources */ = {isa = PBXBuildFile; fileRef = F21E81C51A36681000F5895A /* Ship2TiltLeft1@2x.png */; };
		F21E81EC1A36681000F5895A /* Ship2TiltLeft2@2x.png in Resources */ = {isa = PBXBuildFile; fileRef = F21E81C61A36681000F5895A /* Ship2TiltLeft2@2x.png */; };
		F21E81ED1A36681000F5895A /* Ship2TiltLeft3@2x.png in Resources */ = {isa = PBXBuildFile; fileRef = F21E81C71A36681000F5895A /* Ship2TiltLeft3@2x.png */; };
		F21E81EE1A36681000F5895A /* Ship2TiltRight1@2x.png in Resources */ = {isa = PBXBuildFile; fileRef = F21E81C81A36681000F5895A /* Ship2TiltRight1@2x.png */; };
		F21E81EF1A36681000F5895A /* Ship2TiltRight2@2x.png in Resources */ = {isa = PBXBuildFile; fileRef = F21E81C91A36681000F5895A /* Ship2TiltRight2@2x.png */; };
		F21E81F01A36681000F5895A /* Ship2TiltRight3@2x.png in Resources */ = {isa = PBXBuildFile; fileRef = F21E81CA1A36681000F5895A /* Ship2TiltRight3@2x.png */; };
		F21E81F11A36681000F5895A /* Ship3@2x.png in Resources */ = {isa = PBXBuildFile; fileRef = F21E81CC1A36681000F5895A /* Ship3@2x.png */; };
		F21E81F21A36681000F5895A /* Ship3TiltLeft1@2x.png in Resources */ = {isa = PBXBuildFile; fileRef = F21E81CD1A36681000F5895A /* Ship3TiltLeft1@2x.png */; };
		F21E81F31A36681000F5895A /* Ship3TiltLeft2@2x.png in Resources */ = {isa = PBXBuildFile; fileRef = F21E81CE1A36681000F5895A /* Ship3TiltLeft2@2x.png */; };
		F21E81F41A36681000F5895A /* Ship3TiltLeft3@2x.png in Resources */ = {isa = PBXBuildFile; fileRef = F21E81CF1A36681000F5895A /* Ship3TiltLeft3@2x.png */; };
		F21E81F51A36681000F5895A /* Ship3TiltRight1@2x.png in Resources */ = {isa = PBXBuildFile; fileRef = F21E81D01A36681000F5895A /* Ship3TiltRight1@2x.png */; };
		F21E81F61A36681000F5895A /* Ship3TiltRight2@2x.png in Resources */ = {isa = PBXBuildFile; fileRef = F21E81D11A36681000F5895A /* Ship3TiltRight2@2x.png */; };
		F21E81F71A36681000F5895A /* Ship3TiltRight3@2x.png in Resources */ = {isa = PBXBuildFile; fileRef = F21E81D21A36681000F5895A /* Ship3TiltRight3@2x.png */; };
		F21E81F81A36681000F5895A /* Ship5@2x.png in Resources */ = {isa = PBXBuildFile; fileRef = F21E81D41A36681000F5895A /* Ship5@2x.png */; };
		F21E81F91A36681000F5895A /* Ship5TiltLeft1@2x.png in Resources */ = {isa = PBXBuildFile; fileRef = F21E81D51A36681000F5895A /* Ship5TiltLeft1@2x.png */; };
		F21E81FA1A36681000F5895A /* Ship5TiltLeft2@2x.png in Resources */ = {isa = PBXBuildFile; fileRef = F21E81D61A36681000F5895A /* Ship5TiltLeft2@2x.png */; };
		F21E81FB1A36681000F5895A /* Ship5TiltLeft3@2x.png in Resources */ = {isa = PBXBuildFile; fileRef = F21E81D71A36681000F5895A /* Ship5TiltLeft3@2x.png */; };
		F21E81FC1A36681000F5895A /* Ship5TiltRight1@2x.png in Resources */ = {isa = PBXBuildFile; fileRef = F21E81D81A36681000F5895A /* Ship5TiltRight1@2x.png */; };
		F21E81FD1A36681000F5895A /* Ship5TiltRight2@2x.png in Resources */ = {isa = PBXBuildFile; fileRef = F21E81D91A36681000F5895A /* Ship5TiltRight2@2x.png */; };
		F21E81FE1A36681000F5895A /* Ship5TiltRight3@2x.png in Resources */ = {isa = PBXBuildFile; fileRef = F21E81DA1A36681000F5895A /* Ship5TiltRight3@2x.png */; };
		F21E81FF1A36681000F5895A /* Ship6@2x.png in Resources */ = {isa = PBXBuildFile; fileRef = F21E81DC1A36681000F5895A /* Ship6@2x.png */; };
		F21E82001A36681000F5895A /* Ship6TiltLeft1@2x.png in Resources */ = {isa = PBXBuildFile; fileRef = F21E81DD1A36681000F5895A /* Ship6TiltLeft1@2x.png */; };
		F21E82011A36681000F5895A /* Ship6TiltLeft2@2x.png in Resources */ = {isa = PBXBuildFile; fileRef = F21E81DE1A36681000F5895A /* Ship6TiltLeft2@2x.png */; };
		F21E82021A36681000F5895A /* Ship6TiltLeft3@2x.png in Resources */ = {isa = PBXBuildFile; fileRef = F21E81DF1A36681000F5895A /* Ship6TiltLeft3@2x.png */; };
		F21E82031A36681000F5895A /* Ship6TiltRight1@2x.png in Resources */ = {isa = PBXBuildFile; fileRef = F21E81E01A36681000F5895A /* Ship6TiltRight1@2x.png */; };
		F21E82041A36681000F5895A /* Ship6TiltRight2@2x.png in Resources */ = {isa = PBXBuildFile; fileRef = F21E81E11A36681000F5895A /* Ship6TiltRight2@2x.png */; };
		F21E82051A36681000F5895A /* Ship6TiltRight3@2x.png in Resources */ = {isa = PBXBuildFile; fileRef = F21E81E21A36681000F5895A /* Ship6TiltRight3@2x.png */; };
		F2320E481A36C2950034E795 /* Queue.swift in Sources */ = {isa = PBXBuildFile; fileRef = F2320E471A36C2950034E795 /* Queue.swift */; };
		F24CDEFB1A15322A00E9B5F0 /* MotionUtility.swift in Sources */ = {isa = PBXBuildFile; fileRef = F24CDEFA1A15322A00E9B5F0 /* MotionUtility.swift */; };
		F252C0A51A32C305006C6B83 /* Crashlytics.framework in Frameworks */ = {isa = PBXBuildFile; fileRef = F252C0A41A32C305006C6B83 /* Crashlytics.framework */; };
		F252C0A71A32E0F6006C6B83 /* GameOverScene.swift in Sources */ = {isa = PBXBuildFile; fileRef = F252C0A61A32E0F6006C6B83 /* GameOverScene.swift */; };
		F25BFFC21A1535C80015106D /* Constants.swift in Sources */ = {isa = PBXBuildFile; fileRef = F25BFFC11A1535C80015106D /* Constants.swift */; };
		F25BFFCD1A153D430015106D /* SilomBol.ttf in Resources */ = {isa = PBXBuildFile; fileRef = F25BFFCA1A153D430015106D /* SilomBol.ttf */; };
		F25BFFCE1A153D430015106D /* artwork.atlas in Resources */ = {isa = PBXBuildFile; fileRef = F25BFFCC1A153D430015106D /* artwork.atlas */; };
		F2639A3D1A1529A6003DD8CC /* SpaceShip.swift in Sources */ = {isa = PBXBuildFile; fileRef = F2639A3C1A1529A6003DD8CC /* SpaceShip.swift */; };
		F2639A3F1A1529B8003DD8CC /* Star.swift in Sources */ = {isa = PBXBuildFile; fileRef = F2639A3E1A1529B8003DD8CC /* Star.swift */; };
		F2639A411A1529C1003DD8CC /* Asteroid.swift in Sources */ = {isa = PBXBuildFile; fileRef = F2639A401A1529C1003DD8CC /* Asteroid.swift */; };
		F2705D5C1A351F3700AB6D92 /* ShipSelectionScene.swift in Sources */ = {isa = PBXBuildFile; fileRef = F2705D5B1A351F3700AB6D92 /* ShipSelectionScene.swift */; };
		F2705D7B1A3527D900AB6D92 /* backgroundSelection@2x.png in Resources */ = {isa = PBXBuildFile; fileRef = F2705D611A3527D900AB6D92 /* backgroundSelection@2x.png */; };
		F2705D7C1A3527D900AB6D92 /* BasicHex@2x.png in Resources */ = {isa = PBXBuildFile; fileRef = F2705D621A3527D900AB6D92 /* BasicHex@2x.png */; };
		F2705D7D1A3527D900AB6D92 /* basicRock@2x.png in Resources */ = {isa = PBXBuildFile; fileRef = F2705D631A3527D900AB6D92 /* basicRock@2x.png */; };
		F2705D801A3527D900AB6D92 /* Confirm@2x.png in Resources */ = {isa = PBXBuildFile; fileRef = F2705D661A3527D900AB6D92 /* Confirm@2x.png */; };
		F2705D831A3527D900AB6D92 /* gameOver1@2x.png in Resources */ = {isa = PBXBuildFile; fileRef = F2705D691A3527D900AB6D92 /* gameOver1@2x.png */; };
		F2705D8F1A3527D900AB6D92 /* Ship@2x.png in Resources */ = {isa = PBXBuildFile; fileRef = F2705D751A3527D900AB6D92 /* Ship@2x.png */; };
		F2705D911A3527D900AB6D92 /* staru@2x.png in Resources */ = {isa = PBXBuildFile; fileRef = F2705D771A3527D900AB6D92 /* staru@2x.png */; };
		F27BE4621A357DAC00E404A2 /* Asteroid1@2x.png in Resources */ = {isa = PBXBuildFile; fileRef = F27BE4611A357DAC00E404A2 /* Asteroid1@2x.png */; };
		F29F393D1A3576330014C7CA /* Transformers Movie.ttf in Resources */ = {isa = PBXBuildFile; fileRef = F29F393C1A3575F60014C7CA /* Transformers Movie.ttf */; };
		F2A6DF2F1A33BABA00284B81 /* OptionsScene.swift in Sources */ = {isa = PBXBuildFile; fileRef = F2A6DF2E1A33BABA00284B81 /* OptionsScene.swift */; };
		F2BD0EF21A2E574E00AAB205 /* ShipBullet.swift in Sources */ = {isa = PBXBuildFile; fileRef = F2BD0EF11A2E574E00AAB205 /* ShipBullet.swift */; };
		F2BD0EF61A2E5A2D00AAB205 /* GameKitHelper.swift in Sources */ = {isa = PBXBuildFile; fileRef = F2BD0EF41A2E5A2D00AAB205 /* GameKitHelper.swift */; };
		F2BD0EF71A2E5A2D00AAB205 /* MultiplayerNetworking.swift in Sources */ = {isa = PBXBuildFile; fileRef = F2BD0EF51A2E5A2D00AAB205 /* MultiplayerNetworking.swift */; };
		F2C38D2F1A32ED2600052D8A /* GameKit.framework in Frameworks */ = {isa = PBXBuildFile; fileRef = F2C38D2E1A32ED2600052D8A /* GameKit.framework */; };
		F2C3E3AB1A0BE82F004A16D5 /* AppDelegate.swift in Sources */ = {isa = PBXBuildFile; fileRef = F2C3E3AA1A0BE82F004A16D5 /* AppDelegate.swift */; };
		F2C3E3AF1A0BE82F004A16D5 /* GameScene.swift in Sources */ = {isa = PBXBuildFile; fileRef = F2C3E3AE1A0BE82F004A16D5 /* GameScene.swift */; };
		F2C3E3B11A0BE82F004A16D5 /* GameViewController.swift in Sources */ = {isa = PBXBuildFile; fileRef = F2C3E3B01A0BE82F004A16D5 /* GameViewController.swift */; };
		F2C3E3B41A0BE82F004A16D5 /* Main.storyboard in Resources */ = {isa = PBXBuildFile; fileRef = F2C3E3B21A0BE82F004A16D5 /* Main.storyboard */; };
		F2C3E3B61A0BE82F004A16D5 /* Images.xcassets in Resources */ = {isa = PBXBuildFile; fileRef = F2C3E3B51A0BE82F004A16D5 /* Images.xcassets */; };
		F2C3E3C51A0BE82F004A16D5 /* Space_RaceTests.swift in Sources */ = {isa = PBXBuildFile; fileRef = F2C3E3C41A0BE82F004A16D5 /* Space_RaceTests.swift */; };
		F2C3E3D71A0BF201004A16D5 /* ParticleSystems.swift in Sources */ = {isa = PBXBuildFile; fileRef = F2C3E3D51A0BF201004A16D5 /* ParticleSystems.swift */; };
		F2C3E3D81A0BF201004A16D5 /* PhysicsUtilities.swift in Sources */ = {isa = PBXBuildFile; fileRef = F2C3E3D61A0BF201004A16D5 /* PhysicsUtilities.swift */; };
		F2C3E3E21A0BF20E004A16D5 /* energyfields2.wav in Resources */ = {isa = PBXBuildFile; fileRef = F2C3E3DB1A0BF20E004A16D5 /* energyfields2.wav */; };
		F2C3E3E31A0BF20E004A16D5 /* goingUp2.wav in Resources */ = {isa = PBXBuildFile; fileRef = F2C3E3DC1A0BF20E004A16D5 /* goingUp2.wav */; };
		F2C3E3E41A0BF20E004A16D5 /* hit3.wav in Resources */ = {isa = PBXBuildFile; fileRef = F2C3E3DD1A0BF20E004A16D5 /* hit3.wav */; };
		F2C3E3E51A0BF20E004A16D5 /* lvlup2.wav in Resources */ = {isa = PBXBuildFile; fileRef = F2C3E3DE1A0BF20E004A16D5 /* lvlup2.wav */; };
		F2C3E3E61A0BF20E004A16D5 /* rockcrumb.wav in Resources */ = {isa = PBXBuildFile; fileRef = F2C3E3DF1A0BF20E004A16D5 /* rockcrumb.wav */; };
		F2C3E3E71A0BF20E004A16D5 /* smush.wav in Resources */ = {isa = PBXBuildFile; fileRef = F2C3E3E01A0BF20E004A16D5 /* smush.wav */; };
		F2C3E3E81A0BF20E004A16D5 /* sprites.atlas in Resources */ = {isa = PBXBuildFile; fileRef = F2C3E3E11A0BF20E004A16D5 /* sprites.atlas */; };
		F2C4E7341A36D43900AEDD6C /* shield@2x.png in Resources */ = {isa = PBXBuildFile; fileRef = F2C4E7331A36D43900AEDD6C /* shield@2x.png */; };
		F2C4E7371A36D67600AEDD6C /* LaserCannon.wav in Resources */ = {isa = PBXBuildFile; fileRef = F2C4E7351A36D67600AEDD6C /* LaserCannon.wav */; };
		F2C4E7381A36D67600AEDD6C /* Powerup.wav in Resources */ = {isa = PBXBuildFile; fileRef = F2C4E7361A36D67600AEDD6C /* Powerup.wav */; };
		F2CB539B1A366ADC004AB673 /* blueLaser@2x.png in Resources */ = {isa = PBXBuildFile; fileRef = F2CB539A1A366ADC004AB673 /* blueLaser@2x.png */; };
		F2D570881A35959100FFB0CC /* Back@2x.png in Resources */ = {isa = PBXBuildFile; fileRef = F2D570871A35959100FFB0CC /* Back@2x.png */; };
		F2D570951A35964800FFB0CC /* Back@2x.png in Resources */ = {isa = PBXBuildFile; fileRef = F2D570891A35964800FFB0CC /* Back@2x.png */; };
		F2D570961A35964800FFB0CC /* credits@2x.png in Resources */ = {isa = PBXBuildFile; fileRef = F2D5708A1A35964800FFB0CC /* credits@2x.png */; };
		F2D570971A35964800FFB0CC /* Leaderboard@2x.png in Resources */ = {isa = PBXBuildFile; fileRef = F2D5708B1A35964800FFB0CC /* Leaderboard@2x.png */; };
		F2D570981A35964800FFB0CC /* menu@2x.png in Resources */ = {isa = PBXBuildFile; fileRef = F2D5708C1A35964800FFB0CC /* menu@2x.png */; };
		F2D570991A35964800FFB0CC /* MultiPlayer@2x.png in Resources */ = {isa = PBXBuildFile; fileRef = F2D5708D1A35964800FFB0CC /* MultiPlayer@2x.png */; };
		F2D5709A1A35964800FFB0CC /* Options@2x.png in Resources */ = {isa = PBXBuildFile; fileRef = F2D5708E1A35964800FFB0CC /* Options@2x.png */; };
		F2D5709B1A35964800FFB0CC /* retry@2x.png in Resources */ = {isa = PBXBuildFile; fileRef = F2D5708F1A35964800FFB0CC /* retry@2x.png */; };
		F2D5709C1A35964800FFB0CC /* SinglePlayer@2x.png in Resources */ = {isa = PBXBuildFile; fileRef = F2D570901A35964800FFB0CC /* SinglePlayer@2x.png */; };
		F2D5709D1A35964800FFB0CC /* SwitchOff@2x.png in Resources */ = {isa = PBXBuildFile; fileRef = F2D570911A35964800FFB0CC /* SwitchOff@2x.png */; };
		F2D5709E1A35964800FFB0CC /* SwitchOn@2x.png in Resources */ = {isa = PBXBuildFile; fileRef = F2D570921A35964800FFB0CC /* SwitchOn@2x.png */; };
		F2D5709F1A35964800FFB0CC /* TitleBanner@2x.png in Resources */ = {isa = PBXBuildFile; fileRef = F2D570931A35964800FFB0CC /* TitleBanner@2x.png */; };
		F2D570A01A35964800FFB0CC /* Tutorial@2x.png in Resources */ = {isa = PBXBuildFile; fileRef = F2D570941A35964800FFB0CC /* Tutorial@2x.png */; };
		F2D570AB1A35A69100FFB0CC /* Keep Running.wav in Resources */ = {isa = PBXBuildFile; fileRef = F2D570A71A35A69100FFB0CC /* Keep Running.wav */; };
		F2D570AC1A35A69100FFB0CC /* Space Fighter Loop.mp3 in Resources */ = {isa = PBXBuildFile; fileRef = F2D570A81A35A69100FFB0CC /* Space Fighter Loop.mp3 */; };
		F2D570AD1A35A69100FFB0CC /* SynthR - Battalion.mp3 in Resources */ = {isa = PBXBuildFile; fileRef = F2D570A91A35A69100FFB0CC /* SynthR - Battalion.mp3 */; };
		F2D570AF1A35A7E100FFB0CC /* Space Battle.wav in Resources */ = {isa = PBXBuildFile; fileRef = F2D570AE1A35A7E100FFB0CC /* Space Battle.wav */; };
		F2D570B11A35A83500FFB0CC /* MusicManager.swift in Sources */ = {isa = PBXBuildFile; fileRef = F2D570B01A35A83500FFB0CC /* MusicManager.swift */; };
		F2F8A1881A353B4D00E129BA /* shieldtest@2x.png in Resources */ = {isa = PBXBuildFile; fileRef = F2F8A1871A353B4D00E129BA /* shieldtest@2x.png */; };
		F2FB78491A35ADE60061738F /* Boost4@2x.png in Resources */ = {isa = PBXBuildFile; fileRef = F2FB78471A35ADE60061738F /* Boost4@2x.png */; };
		F2FB784A1A35ADE60061738F /* Brake3@2x.png in Resources */ = {isa = PBXBuildFile; fileRef = F2FB78481A35ADE60061738F /* Brake3@2x.png */; };
		F2FB784D1A3649AF0061738F /* Boost4Pressed@2x.png in Resources */ = {isa = PBXBuildFile; fileRef = F2FB784B1A3649AF0061738F /* Boost4Pressed@2x.png */; };
		F2FB784E1A3649AF0061738F /* Brake3Pressed@2x.png in Resources */ = {isa = PBXBuildFile; fileRef = F2FB784C1A3649AF0061738F /* Brake3Pressed@2x.png */; };
		F2FB78501A3659B20061738F /* CreditsScene.swift in Sources */ = {isa = PBXBuildFile; fileRef = F2FB784F1A3659B20061738F /* CreditsScene.swift */; };
		F2FB78531A365A330061738F /* CreditsPage@2x.png in Resources */ = {isa = PBXBuildFile; fileRef = F2FB78521A365A330061738F /* CreditsPage@2x.png */; };
		F2FF22A41A32FEA800F0A5A7 /* ScoreScene.swift in Sources */ = {isa = PBXBuildFile; fileRef = F2FF22A31A32FEA800F0A5A7 /* ScoreScene.swift */; };
/* End PBXBuildFile section */

/* Begin PBXContainerItemProxy section */
		F2C3E3BF1A0BE82F004A16D5 /* PBXContainerItemProxy */ = {
			isa = PBXContainerItemProxy;
			containerPortal = F2C3E39D1A0BE82F004A16D5 /* Project object */;
			proxyType = 1;
			remoteGlobalIDString = F2C3E3A41A0BE82F004A16D5;
			remoteInfo = "Space Race";
		};
/* End PBXContainerItemProxy section */

/* Begin PBXFileReference section */
		F2014D351A30DA9F00DA8A0F /* Buttons.swift */ = {isa = PBXFileReference; fileEncoding = 4; lastKnownFileType = sourcecode.swift; path = Buttons.swift; sourceTree = "<group>"; };
		F20D3D251A251B4700510B15 /* CollisionManager.swift */ = {isa = PBXFileReference; fileEncoding = 4; lastKnownFileType = sourcecode.swift; path = CollisionManager.swift; sourceTree = "<group>"; };
		F20D3D261A251B4700510B15 /* Energy.swift */ = {isa = PBXFileReference; fileEncoding = 4; lastKnownFileType = sourcecode.swift; path = Energy.swift; sourceTree = "<group>"; };
		F2143A3D1A36822500926E06 /* EnergyUp@2x.png */ = {isa = PBXFileReference; lastKnownFileType = image.png; path = "EnergyUp@2x.png"; sourceTree = "<group>"; };
		F2143A3F1A36827F00926E06 /* PelletGunPowerup.swift */ = {isa = PBXFileReference; fileEncoding = 4; lastKnownFileType = sourcecode.swift; path = PelletGunPowerup.swift; sourceTree = "<group>"; };
		F2143A411A3685BE00926E06 /* Laser2@2x.png */ = {isa = PBXFileReference; lastKnownFileType = image.png; path = "Laser2@2x.png"; sourceTree = "<group>"; };
		F2143A431A368E4B00926E06 /* LaserBullet.swift */ = {isa = PBXFileReference; fileEncoding = 4; lastKnownFileType = sourcecode.swift; path = LaserBullet.swift; sourceTree = "<group>"; };
		F2143A441A368E4B00926E06 /* LaserPowerup.swift */ = {isa = PBXFileReference; fileEncoding = 4; lastKnownFileType = sourcecode.swift; path = LaserPowerup.swift; sourceTree = "<group>"; };
		F2143A471A368FB800926E06 /* Laser@2x.png */ = {isa = PBXFileReference; lastKnownFileType = image.png; path = "Laser@2x.png"; sourceTree = "<group>"; };
		F2143A491A36B62F00926E06 /* TutorialScene.swift */ = {isa = PBXFileReference; fileEncoding = 4; lastKnownFileType = sourcecode.swift; path = TutorialScene.swift; sourceTree = "<group>"; };
		F2143A4B1A36B68000926E06 /* TutorialScreen@2x.png */ = {isa = PBXFileReference; lastKnownFileType = image.png; path = "TutorialScreen@2x.png"; sourceTree = "<group>"; };
		F2143A4D1A36B82600926E06 /* LaserBolt@2x.png */ = {isa = PBXFileReference; lastKnownFileType = image.png; path = "LaserBolt@2x.png"; sourceTree = "<group>"; };
		F216DDFF1A2E5D9A0014A7FA /* MainMenu.swift */ = {isa = PBXFileReference; fileEncoding = 4; lastKnownFileType = sourcecode.swift; path = MainMenu.swift; sourceTree = "<group>"; };
		F216DE011A2E608A0014A7FA /* MultiplayerStaging.swift */ = {isa = PBXFileReference; fileEncoding = 4; lastKnownFileType = sourcecode.swift; path = MultiplayerStaging.swift; sourceTree = "<group>"; };
		F21E81AA1A365DA300F5895A /* CreditsPage2@2x.png */ = {isa = PBXFileReference; lastKnownFileType = image.png; path = "CreditsPage2@2x.png"; sourceTree = "<group>"; };
		F21E81AD1A3665A400F5895A /* Ship4@2x.png */ = {isa = PBXFileReference; lastKnownFileType = image.png; path = "Ship4@2x.png"; sourceTree = "<group>"; };
		F21E81AE1A3665A400F5895A /* Ship4TiltLeft1@2x.png */ = {isa = PBXFileReference; lastKnownFileType = image.png; path = "Ship4TiltLeft1@2x.png"; sourceTree = "<group>"; };
		F21E81AF1A3665A400F5895A /* Ship4TiltLeft2@2x.png */ = {isa = PBXFileReference; lastKnownFileType = image.png; path = "Ship4TiltLeft2@2x.png"; sourceTree = "<group>"; };
		F21E81B01A3665A400F5895A /* Ship4TiltLeft3@2x.png */ = {isa = PBXFileReference; lastKnownFileType = image.png; path = "Ship4TiltLeft3@2x.png"; sourceTree = "<group>"; };
		F21E81B11A3665A400F5895A /* Ship4TiltRight1@2x.png */ = {isa = PBXFileReference; lastKnownFileType = image.png; path = "Ship4TiltRight1@2x.png"; sourceTree = "<group>"; };
		F21E81B21A3665A400F5895A /* Ship4TiltRight2@2x.png */ = {isa = PBXFileReference; lastKnownFileType = image.png; path = "Ship4TiltRight2@2x.png"; sourceTree = "<group>"; };
		F21E81B31A3665A400F5895A /* Ship4TiltRight3@2x.png */ = {isa = PBXFileReference; lastKnownFileType = image.png; path = "Ship4TiltRight3@2x.png"; sourceTree = "<group>"; };
		F21E81BC1A36681000F5895A /* Ship1@2x.png */ = {isa = PBXFileReference; lastKnownFileType = image.png; path = "Ship1@2x.png"; sourceTree = "<group>"; };
		F21E81BD1A36681000F5895A /* Ship1TiltLeft1@2x.png */ = {isa = PBXFileReference; lastKnownFileType = image.png; path = "Ship1TiltLeft1@2x.png"; sourceTree = "<group>"; };
		F21E81BE1A36681000F5895A /* Ship1TiltLeft2@2x.png */ = {isa = PBXFileReference; lastKnownFileType = image.png; path = "Ship1TiltLeft2@2x.png"; sourceTree = "<group>"; };
		F21E81BF1A36681000F5895A /* Ship1TiltLeft3@2x.png */ = {isa = PBXFileReference; lastKnownFileType = image.png; path = "Ship1TiltLeft3@2x.png"; sourceTree = "<group>"; };
		F21E81C01A36681000F5895A /* Ship1TiltRight1@2x.png */ = {isa = PBXFileReference; lastKnownFileType = image.png; path = "Ship1TiltRight1@2x.png"; sourceTree = "<group>"; };
		F21E81C11A36681000F5895A /* Ship1TiltRight2@2x.png */ = {isa = PBXFileReference; lastKnownFileType = image.png; path = "Ship1TiltRight2@2x.png"; sourceTree = "<group>"; };
		F21E81C21A36681000F5895A /* Ship1TiltRight3@2x.png */ = {isa = PBXFileReference; lastKnownFileType = image.png; path = "Ship1TiltRight3@2x.png"; sourceTree = "<group>"; };
		F21E81C41A36681000F5895A /* Ship2@2x.png */ = {isa = PBXFileReference; lastKnownFileType = image.png; path = "Ship2@2x.png"; sourceTree = "<group>"; };
		F21E81C51A36681000F5895A /* Ship2TiltLeft1@2x.png */ = {isa = PBXFileReference; lastKnownFileType = image.png; path = "Ship2TiltLeft1@2x.png"; sourceTree = "<group>"; };
		F21E81C61A36681000F5895A /* Ship2TiltLeft2@2x.png */ = {isa = PBXFileReference; lastKnownFileType = image.png; path = "Ship2TiltLeft2@2x.png"; sourceTree = "<group>"; };
		F21E81C71A36681000F5895A /* Ship2TiltLeft3@2x.png */ = {isa = PBXFileReference; lastKnownFileType = image.png; path = "Ship2TiltLeft3@2x.png"; sourceTree = "<group>"; };
		F21E81C81A36681000F5895A /* Ship2TiltRight1@2x.png */ = {isa = PBXFileReference; lastKnownFileType = image.png; path = "Ship2TiltRight1@2x.png"; sourceTree = "<group>"; };
		F21E81C91A36681000F5895A /* Ship2TiltRight2@2x.png */ = {isa = PBXFileReference; lastKnownFileType = image.png; path = "Ship2TiltRight2@2x.png"; sourceTree = "<group>"; };
		F21E81CA1A36681000F5895A /* Ship2TiltRight3@2x.png */ = {isa = PBXFileReference; lastKnownFileType = image.png; path = "Ship2TiltRight3@2x.png"; sourceTree = "<group>"; };
		F21E81CC1A36681000F5895A /* Ship3@2x.png */ = {isa = PBXFileReference; lastKnownFileType = image.png; path = "Ship3@2x.png"; sourceTree = "<group>"; };
		F21E81CD1A36681000F5895A /* Ship3TiltLeft1@2x.png */ = {isa = PBXFileReference; lastKnownFileType = image.png; path = "Ship3TiltLeft1@2x.png"; sourceTree = "<group>"; };
		F21E81CE1A36681000F5895A /* Ship3TiltLeft2@2x.png */ = {isa = PBXFileReference; lastKnownFileType = image.png; path = "Ship3TiltLeft2@2x.png"; sourceTree = "<group>"; };
		F21E81CF1A36681000F5895A /* Ship3TiltLeft3@2x.png */ = {isa = PBXFileReference; lastKnownFileType = image.png; path = "Ship3TiltLeft3@2x.png"; sourceTree = "<group>"; };
		F21E81D01A36681000F5895A /* Ship3TiltRight1@2x.png */ = {isa = PBXFileReference; lastKnownFileType = image.png; path = "Ship3TiltRight1@2x.png"; sourceTree = "<group>"; };
		F21E81D11A36681000F5895A /* Ship3TiltRight2@2x.png */ = {isa = PBXFileReference; lastKnownFileType = image.png; path = "Ship3TiltRight2@2x.png"; sourceTree = "<group>"; };
		F21E81D21A36681000F5895A /* Ship3TiltRight3@2x.png */ = {isa = PBXFileReference; lastKnownFileType = image.png; path = "Ship3TiltRight3@2x.png"; sourceTree = "<group>"; };
		F21E81D41A36681000F5895A /* Ship5@2x.png */ = {isa = PBXFileReference; lastKnownFileType = image.png; path = "Ship5@2x.png"; sourceTree = "<group>"; };
		F21E81D51A36681000F5895A /* Ship5TiltLeft1@2x.png */ = {isa = PBXFileReference; lastKnownFileType = image.png; path = "Ship5TiltLeft1@2x.png"; sourceTree = "<group>"; };
		F21E81D61A36681000F5895A /* Ship5TiltLeft2@2x.png */ = {isa = PBXFileReference; lastKnownFileType = image.png; path = "Ship5TiltLeft2@2x.png"; sourceTree = "<group>"; };
		F21E81D71A36681000F5895A /* Ship5TiltLeft3@2x.png */ = {isa = PBXFileReference; lastKnownFileType = image.png; path = "Ship5TiltLeft3@2x.png"; sourceTree = "<group>"; };
		F21E81D81A36681000F5895A /* Ship5TiltRight1@2x.png */ = {isa = PBXFileReference; lastKnownFileType = image.png; path = "Ship5TiltRight1@2x.png"; sourceTree = "<group>"; };
		F21E81D91A36681000F5895A /* Ship5TiltRight2@2x.png */ = {isa = PBXFileReference; lastKnownFileType = image.png; path = "Ship5TiltRight2@2x.png"; sourceTree = "<group>"; };
		F21E81DA1A36681000F5895A /* Ship5TiltRight3@2x.png */ = {isa = PBXFileReference; lastKnownFileType = image.png; path = "Ship5TiltRight3@2x.png"; sourceTree = "<group>"; };
		F21E81DC1A36681000F5895A /* Ship6@2x.png */ = {isa = PBXFileReference; lastKnownFileType = image.png; path = "Ship6@2x.png"; sourceTree = "<group>"; };
		F21E81DD1A36681000F5895A /* Ship6TiltLeft1@2x.png */ = {isa = PBXFileReference; lastKnownFileType = image.png; path = "Ship6TiltLeft1@2x.png"; sourceTree = "<group>"; };
		F21E81DE1A36681000F5895A /* Ship6TiltLeft2@2x.png */ = {isa = PBXFileReference; lastKnownFileType = image.png; path = "Ship6TiltLeft2@2x.png"; sourceTree = "<group>"; };
		F21E81DF1A36681000F5895A /* Ship6TiltLeft3@2x.png */ = {isa = PBXFileReference; lastKnownFileType = image.png; path = "Ship6TiltLeft3@2x.png"; sourceTree = "<group>"; };
		F21E81E01A36681000F5895A /* Ship6TiltRight1@2x.png */ = {isa = PBXFileReference; lastKnownFileType = image.png; path = "Ship6TiltRight1@2x.png"; sourceTree = "<group>"; };
		F21E81E11A36681000F5895A /* Ship6TiltRight2@2x.png */ = {isa = PBXFileReference; lastKnownFileType = image.png; path = "Ship6TiltRight2@2x.png"; sourceTree = "<group>"; };
		F21E81E21A36681000F5895A /* Ship6TiltRight3@2x.png */ = {isa = PBXFileReference; lastKnownFileType = image.png; path = "Ship6TiltRight3@2x.png"; sourceTree = "<group>"; };
		F2320E471A36C2950034E795 /* Queue.swift */ = {isa = PBXFileReference; fileEncoding = 4; lastKnownFileType = sourcecode.swift; path = Queue.swift; sourceTree = "<group>"; };
		F24CDEFA1A15322A00E9B5F0 /* MotionUtility.swift */ = {isa = PBXFileReference; fileEncoding = 4; lastKnownFileType = sourcecode.swift; path = MotionUtility.swift; sourceTree = "<group>"; };
		F252C0A41A32C305006C6B83 /* Crashlytics.framework */ = {isa = PBXFileReference; lastKnownFileType = wrapper.framework; path = Crashlytics.framework; sourceTree = "<group>"; };
		F252C0A61A32E0F6006C6B83 /* GameOverScene.swift */ = {isa = PBXFileReference; fileEncoding = 4; lastKnownFileType = sourcecode.swift; path = GameOverScene.swift; sourceTree = "<group>"; };
		F25BFFC11A1535C80015106D /* Constants.swift */ = {isa = PBXFileReference; fileEncoding = 4; lastKnownFileType = sourcecode.swift; path = Constants.swift; sourceTree = "<group>"; };
		F25BFFCA1A153D430015106D /* SilomBol.ttf */ = {isa = PBXFileReference; lastKnownFileType = file; path = SilomBol.ttf; sourceTree = "<group>"; };
		F25BFFCC1A153D430015106D /* artwork.atlas */ = {isa = PBXFileReference; lastKnownFileType = folder.skatlas; path = artwork.atlas; sourceTree = "<group>"; };
		F2639A3C1A1529A6003DD8CC /* SpaceShip.swift */ = {isa = PBXFileReference; fileEncoding = 4; lastKnownFileType = sourcecode.swift; path = SpaceShip.swift; sourceTree = "<group>"; };
		F2639A3E1A1529B8003DD8CC /* Star.swift */ = {isa = PBXFileReference; fileEncoding = 4; lastKnownFileType = sourcecode.swift; path = Star.swift; sourceTree = "<group>"; };
		F2639A401A1529C1003DD8CC /* Asteroid.swift */ = {isa = PBXFileReference; fileEncoding = 4; lastKnownFileType = sourcecode.swift; path = Asteroid.swift; sourceTree = "<group>"; };
		F2705D5B1A351F3700AB6D92 /* ShipSelectionScene.swift */ = {isa = PBXFileReference; fileEncoding = 4; lastKnownFileType = sourcecode.swift; path = ShipSelectionScene.swift; sourceTree = "<group>"; };
		F2705D611A3527D900AB6D92 /* backgroundSelection@2x.png */ = {isa = PBXFileReference; lastKnownFileType = image.png; path = "backgroundSelection@2x.png"; sourceTree = "<group>"; };
		F2705D621A3527D900AB6D92 /* BasicHex@2x.png */ = {isa = PBXFileReference; lastKnownFileType = image.png; path = "BasicHex@2x.png"; sourceTree = "<group>"; };
		F2705D631A3527D900AB6D92 /* basicRock@2x.png */ = {isa = PBXFileReference; lastKnownFileType = image.png; path = "basicRock@2x.png"; sourceTree = "<group>"; };
		F2705D661A3527D900AB6D92 /* Confirm@2x.png */ = {isa = PBXFileReference; lastKnownFileType = image.png; path = "Confirm@2x.png"; sourceTree = "<group>"; };
		F2705D691A3527D900AB6D92 /* gameOver1@2x.png */ = {isa = PBXFileReference; lastKnownFileType = image.png; path = "gameOver1@2x.png"; sourceTree = "<group>"; };
		F2705D751A3527D900AB6D92 /* Ship@2x.png */ = {isa = PBXFileReference; lastKnownFileType = image.png; path = "Ship@2x.png"; sourceTree = "<group>"; };
		F2705D771A3527D900AB6D92 /* staru@2x.png */ = {isa = PBXFileReference; lastKnownFileType = image.png; path = "staru@2x.png"; sourceTree = "<group>"; };
		F27BE4611A357DAC00E404A2 /* Asteroid1@2x.png */ = {isa = PBXFileReference; lastKnownFileType = image.png; path = "Asteroid1@2x.png"; sourceTree = "<group>"; };
		F29F393C1A3575F60014C7CA /* Transformers Movie.ttf */ = {isa = PBXFileReference; lastKnownFileType = file; path = "Transformers Movie.ttf"; sourceTree = "<group>"; };
		F2A6DF2E1A33BABA00284B81 /* OptionsScene.swift */ = {isa = PBXFileReference; fileEncoding = 4; lastKnownFileType = sourcecode.swift; path = OptionsScene.swift; sourceTree = "<group>"; };
		F2BD0EF11A2E574E00AAB205 /* ShipBullet.swift */ = {isa = PBXFileReference; fileEncoding = 4; lastKnownFileType = sourcecode.swift; path = ShipBullet.swift; sourceTree = "<group>"; };
		F2BD0EF41A2E5A2D00AAB205 /* GameKitHelper.swift */ = {isa = PBXFileReference; fileEncoding = 4; lastKnownFileType = sourcecode.swift; path = GameKitHelper.swift; sourceTree = "<group>"; };
		F2BD0EF51A2E5A2D00AAB205 /* MultiplayerNetworking.swift */ = {isa = PBXFileReference; fileEncoding = 4; lastKnownFileType = sourcecode.swift; path = MultiplayerNetworking.swift; sourceTree = "<group>"; };
		F2C38D2E1A32ED2600052D8A /* GameKit.framework */ = {isa = PBXFileReference; lastKnownFileType = wrapper.framework; name = GameKit.framework; path = System/Library/Frameworks/GameKit.framework; sourceTree = SDKROOT; };
		F2C3E3A51A0BE82F004A16D5 /* Galactic Space Race.app */ = {isa = PBXFileReference; explicitFileType = wrapper.application; includeInIndex = 0; path = "Galactic Space Race.app"; sourceTree = BUILT_PRODUCTS_DIR; };
		F2C3E3A91A0BE82F004A16D5 /* Info.plist */ = {isa = PBXFileReference; lastKnownFileType = text.plist.xml; path = Info.plist; sourceTree = "<group>"; };
		F2C3E3AA1A0BE82F004A16D5 /* AppDelegate.swift */ = {isa = PBXFileReference; lastKnownFileType = sourcecode.swift; path = AppDelegate.swift; sourceTree = "<group>"; };
		F2C3E3AE1A0BE82F004A16D5 /* GameScene.swift */ = {isa = PBXFileReference; lastKnownFileType = sourcecode.swift; path = GameScene.swift; sourceTree = "<group>"; };
		F2C3E3B01A0BE82F004A16D5 /* GameViewController.swift */ = {isa = PBXFileReference; lastKnownFileType = sourcecode.swift; path = GameViewController.swift; sourceTree = "<group>"; };
		F2C3E3B31A0BE82F004A16D5 /* Base */ = {isa = PBXFileReference; lastKnownFileType = file.storyboard; name = Base; path = Base.lproj/Main.storyboard; sourceTree = "<group>"; };
		F2C3E3B51A0BE82F004A16D5 /* Images.xcassets */ = {isa = PBXFileReference; lastKnownFileType = folder.assetcatalog; path = Images.xcassets; sourceTree = "<group>"; };
		F2C3E3BE1A0BE82F004A16D5 /* Galactic Space RaceTests.xctest */ = {isa = PBXFileReference; explicitFileType = wrapper.cfbundle; includeInIndex = 0; path = "Galactic Space RaceTests.xctest"; sourceTree = BUILT_PRODUCTS_DIR; };
		F2C3E3C31A0BE82F004A16D5 /* Info.plist */ = {isa = PBXFileReference; lastKnownFileType = text.plist.xml; path = Info.plist; sourceTree = "<group>"; };
		F2C3E3C41A0BE82F004A16D5 /* Space_RaceTests.swift */ = {isa = PBXFileReference; lastKnownFileType = sourcecode.swift; path = Space_RaceTests.swift; sourceTree = "<group>"; };
		F2C3E3D51A0BF201004A16D5 /* ParticleSystems.swift */ = {isa = PBXFileReference; fileEncoding = 4; lastKnownFileType = sourcecode.swift; path = ParticleSystems.swift; sourceTree = "<group>"; };
		F2C3E3D61A0BF201004A16D5 /* PhysicsUtilities.swift */ = {isa = PBXFileReference; fileEncoding = 4; lastKnownFileType = sourcecode.swift; path = PhysicsUtilities.swift; sourceTree = "<group>"; };
		F2C3E3DB1A0BF20E004A16D5 /* energyfields2.wav */ = {isa = PBXFileReference; lastKnownFileType = audio.wav; path = energyfields2.wav; sourceTree = "<group>"; };
		F2C3E3DC1A0BF20E004A16D5 /* goingUp2.wav */ = {isa = PBXFileReference; lastKnownFileType = audio.wav; path = goingUp2.wav; sourceTree = "<group>"; };
		F2C3E3DD1A0BF20E004A16D5 /* hit3.wav */ = {isa = PBXFileReference; lastKnownFileType = audio.wav; path = hit3.wav; sourceTree = "<group>"; };
		F2C3E3DE1A0BF20E004A16D5 /* lvlup2.wav */ = {isa = PBXFileReference; lastKnownFileType = audio.wav; path = lvlup2.wav; sourceTree = "<group>"; };
		F2C3E3DF1A0BF20E004A16D5 /* rockcrumb.wav */ = {isa = PBXFileReference; lastKnownFileType = audio.wav; path = rockcrumb.wav; sourceTree = "<group>"; };
		F2C3E3E01A0BF20E004A16D5 /* smush.wav */ = {isa = PBXFileReference; lastKnownFileType = audio.wav; path = smush.wav; sourceTree = "<group>"; };
		F2C3E3E11A0BF20E004A16D5 /* sprites.atlas */ = {isa = PBXFileReference; lastKnownFileType = folder.skatlas; path = sprites.atlas; sourceTree = "<group>"; };
		F2C4E7331A36D43900AEDD6C /* shield@2x.png */ = {isa = PBXFileReference; lastKnownFileType = image.png; path = "shield@2x.png"; sourceTree = "<group>"; };
		F2C4E7351A36D67600AEDD6C /* LaserCannon.wav */ = {isa = PBXFileReference; lastKnownFileType = audio.wav; path = LaserCannon.wav; sourceTree = "<group>"; };
		F2C4E7361A36D67600AEDD6C /* Powerup.wav */ = {isa = PBXFileReference; lastKnownFileType = audio.wav; path = Powerup.wav; sourceTree = "<group>"; };
		F2CB539A1A366ADC004AB673 /* blueLaser@2x.png */ = {isa = PBXFileReference; lastKnownFileType = image.png; path = "blueLaser@2x.png"; sourceTree = "<group>"; };
		F2D570871A35959100FFB0CC /* Back@2x.png */ = {isa = PBXFileReference; lastKnownFileType = image.png; path = "Back@2x.png"; sourceTree = "<group>"; };
		F2D570891A35964800FFB0CC /* Back@2x.png */ = {isa = PBXFileReference; lastKnownFileType = image.png; path = "Back@2x.png"; sourceTree = "<group>"; };
		F2D5708A1A35964800FFB0CC /* credits@2x.png */ = {isa = PBXFileReference; lastKnownFileType = image.png; path = "credits@2x.png"; sourceTree = "<group>"; };
		F2D5708B1A35964800FFB0CC /* Leaderboard@2x.png */ = {isa = PBXFileReference; lastKnownFileType = image.png; path = "Leaderboard@2x.png"; sourceTree = "<group>"; };
		F2D5708C1A35964800FFB0CC /* menu@2x.png */ = {isa = PBXFileReference; lastKnownFileType = image.png; path = "menu@2x.png"; sourceTree = "<group>"; };
		F2D5708D1A35964800FFB0CC /* MultiPlayer@2x.png */ = {isa = PBXFileReference; lastKnownFileType = image.png; path = "MultiPlayer@2x.png"; sourceTree = "<group>"; };
		F2D5708E1A35964800FFB0CC /* Options@2x.png */ = {isa = PBXFileReference; lastKnownFileType = image.png; path = "Options@2x.png"; sourceTree = "<group>"; };
		F2D5708F1A35964800FFB0CC /* retry@2x.png */ = {isa = PBXFileReference; lastKnownFileType = image.png; path = "retry@2x.png"; sourceTree = "<group>"; };
		F2D570901A35964800FFB0CC /* SinglePlayer@2x.png */ = {isa = PBXFileReference; lastKnownFileType = image.png; path = "SinglePlayer@2x.png"; sourceTree = "<group>"; };
		F2D570911A35964800FFB0CC /* SwitchOff@2x.png */ = {isa = PBXFileReference; lastKnownFileType = image.png; path = "SwitchOff@2x.png"; sourceTree = "<group>"; };
		F2D570921A35964800FFB0CC /* SwitchOn@2x.png */ = {isa = PBXFileReference; lastKnownFileType = image.png; path = "SwitchOn@2x.png"; sourceTree = "<group>"; };
		F2D570931A35964800FFB0CC /* TitleBanner@2x.png */ = {isa = PBXFileReference; lastKnownFileType = image.png; path = "TitleBanner@2x.png"; sourceTree = "<group>"; };
		F2D570941A35964800FFB0CC /* Tutorial@2x.png */ = {isa = PBXFileReference; lastKnownFileType = image.png; path = "Tutorial@2x.png"; sourceTree = "<group>"; };
		F2D570A71A35A69100FFB0CC /* Keep Running.wav */ = {isa = PBXFileReference; lastKnownFileType = audio.wav; path = "Keep Running.wav"; sourceTree = "<group>"; };
		F2D570A81A35A69100FFB0CC /* Space Fighter Loop.mp3 */ = {isa = PBXFileReference; lastKnownFileType = audio.mp3; path = "Space Fighter Loop.mp3"; sourceTree = "<group>"; };
		F2D570A91A35A69100FFB0CC /* SynthR - Battalion.mp3 */ = {isa = PBXFileReference; lastKnownFileType = audio.mp3; path = "SynthR - Battalion.mp3"; sourceTree = "<group>"; };
		F2D570AE1A35A7E100FFB0CC /* Space Battle.wav */ = {isa = PBXFileReference; lastKnownFileType = audio.wav; path = "Space Battle.wav"; sourceTree = "<group>"; };
		F2D570B01A35A83500FFB0CC /* MusicManager.swift */ = {isa = PBXFileReference; fileEncoding = 4; lastKnownFileType = sourcecode.swift; path = MusicManager.swift; sourceTree = "<group>"; };
		F2F8A1871A353B4D00E129BA /* shieldtest@2x.png */ = {isa = PBXFileReference; lastKnownFileType = image.png; path = "shieldtest@2x.png"; sourceTree = "<group>"; };
		F2FB78471A35ADE60061738F /* Boost4@2x.png */ = {isa = PBXFileReference; lastKnownFileType = image.png; path = "Boost4@2x.png"; sourceTree = "<group>"; };
		F2FB78481A35ADE60061738F /* Brake3@2x.png */ = {isa = PBXFileReference; lastKnownFileType = image.png; path = "Brake3@2x.png"; sourceTree = "<group>"; };
		F2FB784B1A3649AF0061738F /* Boost4Pressed@2x.png */ = {isa = PBXFileReference; lastKnownFileType = image.png; path = "Boost4Pressed@2x.png"; sourceTree = "<group>"; };
		F2FB784C1A3649AF0061738F /* Brake3Pressed@2x.png */ = {isa = PBXFileReference; lastKnownFileType = image.png; path = "Brake3Pressed@2x.png"; sourceTree = "<group>"; };
		F2FB784F1A3659B20061738F /* CreditsScene.swift */ = {isa = PBXFileReference; fileEncoding = 4; lastKnownFileType = sourcecode.swift; path = CreditsScene.swift; sourceTree = "<group>"; };
		F2FB78521A365A330061738F /* CreditsPage@2x.png */ = {isa = PBXFileReference; lastKnownFileType = image.png; path = "CreditsPage@2x.png"; sourceTree = "<group>"; };
		F2FF22A31A32FEA800F0A5A7 /* ScoreScene.swift */ = {isa = PBXFileReference; fileEncoding = 4; lastKnownFileType = sourcecode.swift; path = ScoreScene.swift; sourceTree = "<group>"; };
/* End PBXFileReference section */

/* Begin PBXFrameworksBuildPhase section */
		F2C3E3A21A0BE82F004A16D5 /* Frameworks */ = {
			isa = PBXFrameworksBuildPhase;
			buildActionMask = 2147483647;
			files = (
				F252C0A51A32C305006C6B83 /* Crashlytics.framework in Frameworks */,
				F2C38D2F1A32ED2600052D8A /* GameKit.framework in Frameworks */,
			);
			runOnlyForDeploymentPostprocessing = 0;
		};
		F2C3E3BB1A0BE82F004A16D5 /* Frameworks */ = {
			isa = PBXFrameworksBuildPhase;
			buildActionMask = 2147483647;
			files = (
			);
			runOnlyForDeploymentPostprocessing = 0;
		};
/* End PBXFrameworksBuildPhase section */

/* Begin PBXGroup section */
		F2014D341A30D57200DA8A0F /* HUD */ = {
			isa = PBXGroup;
			children = (
				F2014D351A30DA9F00DA8A0F /* Buttons.swift */,
			);
			name = HUD;
			sourceTree = "<group>";
		};
		F2143A3C1A36822500926E06 /* powerups */ = {
			isa = PBXGroup;
			children = (
				F2143A471A368FB800926E06 /* Laser@2x.png */,
				F2143A3D1A36822500926E06 /* EnergyUp@2x.png */,
				F2143A411A3685BE00926E06 /* Laser2@2x.png */,
			);
			path = powerups;
			sourceTree = "<group>";
		};
		F21E81AC1A3665A400F5895A /* ship4 */ = {
			isa = PBXGroup;
			children = (
				F21E81AD1A3665A400F5895A /* Ship4@2x.png */,
				F21E81AE1A3665A400F5895A /* Ship4TiltLeft1@2x.png */,
				F21E81AF1A3665A400F5895A /* Ship4TiltLeft2@2x.png */,
				F21E81B01A3665A400F5895A /* Ship4TiltLeft3@2x.png */,
				F21E81B11A3665A400F5895A /* Ship4TiltRight1@2x.png */,
				F21E81B21A3665A400F5895A /* Ship4TiltRight2@2x.png */,
				F21E81B31A3665A400F5895A /* Ship4TiltRight3@2x.png */,
			);
			path = ship4;
			sourceTree = "<group>";
		};
		F21E81BB1A36681000F5895A /* ship1 */ = {
			isa = PBXGroup;
			children = (
				F21E81BC1A36681000F5895A /* Ship1@2x.png */,
				F21E81BD1A36681000F5895A /* Ship1TiltLeft1@2x.png */,
				F21E81BE1A36681000F5895A /* Ship1TiltLeft2@2x.png */,
				F21E81BF1A36681000F5895A /* Ship1TiltLeft3@2x.png */,
				F21E81C01A36681000F5895A /* Ship1TiltRight1@2x.png */,
				F21E81C11A36681000F5895A /* Ship1TiltRight2@2x.png */,
				F21E81C21A36681000F5895A /* Ship1TiltRight3@2x.png */,
			);
			path = ship1;
			sourceTree = "<group>";
		};
		F21E81C31A36681000F5895A /* ship2 */ = {
			isa = PBXGroup;
			children = (
				F21E81C41A36681000F5895A /* Ship2@2x.png */,
				F21E81C51A36681000F5895A /* Ship2TiltLeft1@2x.png */,
				F21E81C61A36681000F5895A /* Ship2TiltLeft2@2x.png */,
				F21E81C71A36681000F5895A /* Ship2TiltLeft3@2x.png */,
				F21E81C81A36681000F5895A /* Ship2TiltRight1@2x.png */,
				F21E81C91A36681000F5895A /* Ship2TiltRight2@2x.png */,
				F21E81CA1A36681000F5895A /* Ship2TiltRight3@2x.png */,
			);
			path = ship2;
			sourceTree = "<group>";
		};
		F21E81CB1A36681000F5895A /* ship3 */ = {
			isa = PBXGroup;
			children = (
				F21E81CC1A36681000F5895A /* Ship3@2x.png */,
				F21E81CD1A36681000F5895A /* Ship3TiltLeft1@2x.png */,
				F21E81CE1A36681000F5895A /* Ship3TiltLeft2@2x.png */,
				F21E81CF1A36681000F5895A /* Ship3TiltLeft3@2x.png */,
				F21E81D01A36681000F5895A /* Ship3TiltRight1@2x.png */,
				F21E81D11A36681000F5895A /* Ship3TiltRight2@2x.png */,
				F21E81D21A36681000F5895A /* Ship3TiltRight3@2x.png */,
			);
			path = ship3;
			sourceTree = "<group>";
		};
		F21E81D31A36681000F5895A /* ship5 */ = {
			isa = PBXGroup;
			children = (
				F21E81D41A36681000F5895A /* Ship5@2x.png */,
				F21E81D51A36681000F5895A /* Ship5TiltLeft1@2x.png */,
				F21E81D61A36681000F5895A /* Ship5TiltLeft2@2x.png */,
				F21E81D71A36681000F5895A /* Ship5TiltLeft3@2x.png */,
				F21E81D81A36681000F5895A /* Ship5TiltRight1@2x.png */,
				F21E81D91A36681000F5895A /* Ship5TiltRight2@2x.png */,
				F21E81DA1A36681000F5895A /* Ship5TiltRight3@2x.png */,
			);
			path = ship5;
			sourceTree = "<group>";
		};
		F21E81DB1A36681000F5895A /* ship6 */ = {
			isa = PBXGroup;
			children = (
				F21E81DC1A36681000F5895A /* Ship6@2x.png */,
				F21E81DD1A36681000F5895A /* Ship6TiltLeft1@2x.png */,
				F21E81DE1A36681000F5895A /* Ship6TiltLeft2@2x.png */,
				F21E81DF1A36681000F5895A /* Ship6TiltLeft3@2x.png */,
				F21E81E01A36681000F5895A /* Ship6TiltRight1@2x.png */,
				F21E81E11A36681000F5895A /* Ship6TiltRight2@2x.png */,
				F21E81E21A36681000F5895A /* Ship6TiltRight3@2x.png */,
			);
			path = ship6;
			sourceTree = "<group>";
		};
		F25BFFC91A153D430015106D /* Fonts */ = {
			isa = PBXGroup;
			children = (
				F25BFFCA1A153D430015106D /* SilomBol.ttf */,
				F29F393C1A3575F60014C7CA /* Transformers Movie.ttf */,
			);
			path = Fonts;
			sourceTree = "<group>";
		};
		F25BFFCB1A153D430015106D /* Textures */ = {
			isa = PBXGroup;
			children = (
				F25BFFCC1A153D430015106D /* artwork.atlas */,
			);
			path = Textures;
			sourceTree = "<group>";
		};
		F2639A341A152747003DD8CC /* Classes */ = {
			isa = PBXGroup;
			children = (
				F2BD0EF31A2E5A2000AAB205 /* Networking */,
				F2639A381A15288C003DD8CC /* View Controller */,
				F2639A391A1528D9003DD8CC /* Scenes */,
				F2014D341A30D57200DA8A0F /* HUD */,
				F2639A3B1A152982003DD8CC /* Actors */,
				F2639A3A1A1528F8003DD8CC /* Utilities */,
			);
			name = Classes;
			sourceTree = "<group>";
		};
		F2639A351A152759003DD8CC /* Storyboard */ = {
			isa = PBXGroup;
			children = (
				F2C3E3B21A0BE82F004A16D5 /* Main.storyboard */,
			);
			name = Storyboard;
			sourceTree = "<group>";
		};
		F2639A381A15288C003DD8CC /* View Controller */ = {
			isa = PBXGroup;
			children = (
				F2C3E3B01A0BE82F004A16D5 /* GameViewController.swift */,
				F2C3E3AA1A0BE82F004A16D5 /* AppDelegate.swift */,
			);
			name = "View Controller";
			sourceTree = "<group>";
		};
		F2639A391A1528D9003DD8CC /* Scenes */ = {
			isa = PBXGroup;
			children = (
				F216DDFF1A2E5D9A0014A7FA /* MainMenu.swift */,
				F2143A491A36B62F00926E06 /* TutorialScene.swift */,
				F2A6DF2E1A33BABA00284B81 /* OptionsScene.swift */,
				F2FB784F1A3659B20061738F /* CreditsScene.swift */,
				F2FF22A31A32FEA800F0A5A7 /* ScoreScene.swift */,
				F252C0A61A32E0F6006C6B83 /* GameOverScene.swift */,
				F2C3E3AE1A0BE82F004A16D5 /* GameScene.swift */,
				F216DE011A2E608A0014A7FA /* MultiplayerStaging.swift */,
				F2705D5B1A351F3700AB6D92 /* ShipSelectionScene.swift */,
			);
			name = Scenes;
			sourceTree = "<group>";
		};
		F2639A3A1A1528F8003DD8CC /* Utilities */ = {
			isa = PBXGroup;
			children = (
				F20D3D251A251B4700510B15 /* CollisionManager.swift */,
				F2D570B01A35A83500FFB0CC /* MusicManager.swift */,
				F24CDEFA1A15322A00E9B5F0 /* MotionUtility.swift */,
				F25BFFC11A1535C80015106D /* Constants.swift */,
				F2C3E3D51A0BF201004A16D5 /* ParticleSystems.swift */,
				F2C3E3D61A0BF201004A16D5 /* PhysicsUtilities.swift */,
			);
			name = Utilities;
			sourceTree = "<group>";
		};
		F2639A3B1A152982003DD8CC /* Actors */ = {
			isa = PBXGroup;
			children = (
				F2639A3C1A1529A6003DD8CC /* SpaceShip.swift */,
				F2639A3E1A1529B8003DD8CC /* Star.swift */,
				F2639A401A1529C1003DD8CC /* Asteroid.swift */,
				F2143A3F1A36827F00926E06 /* PelletGunPowerup.swift */,
				F2143A431A368E4B00926E06 /* LaserBullet.swift */,
				F2143A441A368E4B00926E06 /* LaserPowerup.swift */,
				F20D3D261A251B4700510B15 /* Energy.swift */,
				F2BD0EF11A2E574E00AAB205 /* ShipBullet.swift */,
			);
			name = Actors;
			sourceTree = "<group>";
		};
		F2705D5D1A3527D900AB6D92 /* Images */ = {
			isa = PBXGroup;
			children = (
				F2143A3C1A36822500926E06 /* powerups */,
				F27BE4631A357FFC00E404A2 /* newMenuStuff */,
				F2FB78511A365A330061738F /* creditsandTutorial */,
				F2F8A18A1A353B7F00E129BA /* MenuButtons */,
				F2F8A1891A353B7400E129BA /* Backgrounds */,
				F2F8A18B1A353B9500E129BA /* Game Elements */,
				F2F8A18C1A353BB200E129BA /* ships */,
			);
			name = Images;
			path = "Space Race/SpriteKitSimpleGameResources/Images";
			sourceTree = SOURCE_ROOT;
		};
		F27BE4631A357FFC00E404A2 /* newMenuStuff */ = {
			isa = PBXGroup;
			children = (
				F2D570891A35964800FFB0CC /* Back@2x.png */,
				F2D5708A1A35964800FFB0CC /* credits@2x.png */,
				F2D5708B1A35964800FFB0CC /* Leaderboard@2x.png */,
				F2D5708C1A35964800FFB0CC /* menu@2x.png */,
				F2D5708D1A35964800FFB0CC /* MultiPlayer@2x.png */,
				F2D5708E1A35964800FFB0CC /* Options@2x.png */,
				F2D5708F1A35964800FFB0CC /* retry@2x.png */,
				F2D570901A35964800FFB0CC /* SinglePlayer@2x.png */,
				F2D570911A35964800FFB0CC /* SwitchOff@2x.png */,
				F2D570921A35964800FFB0CC /* SwitchOn@2x.png */,
				F2D570931A35964800FFB0CC /* TitleBanner@2x.png */,
				F2D570941A35964800FFB0CC /* Tutorial@2x.png */,
				F2D570871A35959100FFB0CC /* Back@2x.png */,
			);
			path = newMenuStuff;
			sourceTree = "<group>";
		};
		F2BD0EF31A2E5A2000AAB205 /* Networking */ = {
			isa = PBXGroup;
			children = (
				F2BD0EF41A2E5A2D00AAB205 /* GameKitHelper.swift */,
				F2BD0EF51A2E5A2D00AAB205 /* MultiplayerNetworking.swift */,
				F2320E471A36C2950034E795 /* Queue.swift */,
			);
			name = Networking;
			sourceTree = "<group>";
		};
		F2C3E39C1A0BE82F004A16D5 = {
			isa = PBXGroup;
			children = (
				F2C38D2E1A32ED2600052D8A /* GameKit.framework */,
				F252C0A41A32C305006C6B83 /* Crashlytics.framework */,
				F2C3E3A71A0BE82F004A16D5 /* Space Race */,
				F2C3E3C11A0BE82F004A16D5 /* Space RaceTests */,
				F2C3E3A61A0BE82F004A16D5 /* Products */,
			);
			sourceTree = "<group>";
		};
		F2C3E3A61A0BE82F004A16D5 /* Products */ = {
			isa = PBXGroup;
			children = (
				F2C3E3A51A0BE82F004A16D5 /* Galactic Space Race.app */,
				F2C3E3BE1A0BE82F004A16D5 /* Galactic Space RaceTests.xctest */,
			);
			name = Products;
			sourceTree = "<group>";
		};
		F2C3E3A71A0BE82F004A16D5 /* Space Race */ = {
			isa = PBXGroup;
			children = (
				F2639A351A152759003DD8CC /* Storyboard */,
				F2C3E3D91A0BF20E004A16D5 /* Resources */,
				F2639A341A152747003DD8CC /* Classes */,
				F2C3E3B51A0BE82F004A16D5 /* Images.xcassets */,
				F2C3E3A81A0BE82F004A16D5 /* Supporting Files */,
			);
			path = "Space Race";
			sourceTree = "<group>";
		};
		F2C3E3A81A0BE82F004A16D5 /* Supporting Files */ = {
			isa = PBXGroup;
			children = (
				F2C3E3A91A0BE82F004A16D5 /* Info.plist */,
			);
			name = "Supporting Files";
			sourceTree = "<group>";
		};
		F2C3E3C11A0BE82F004A16D5 /* Space RaceTests */ = {
			isa = PBXGroup;
			children = (
				F2C3E3C41A0BE82F004A16D5 /* Space_RaceTests.swift */,
				F2C3E3C21A0BE82F004A16D5 /* Supporting Files */,
			);
			path = "Space RaceTests";
			sourceTree = "<group>";
		};
		F2C3E3C21A0BE82F004A16D5 /* Supporting Files */ = {
			isa = PBXGroup;
			children = (
				F2C3E3C31A0BE82F004A16D5 /* Info.plist */,
			);
			name = "Supporting Files";
			sourceTree = "<group>";
		};
		F2C3E3D91A0BF20E004A16D5 /* Resources */ = {
			isa = PBXGroup;
			children = (
				F25BFFC91A153D430015106D /* Fonts */,
				F25BFFCB1A153D430015106D /* Textures */,
				F2705D5D1A3527D900AB6D92 /* Images */,
				F2C3E3DA1A0BF20E004A16D5 /* Sounds */,
				F2C3E3E11A0BF20E004A16D5 /* sprites.atlas */,
			);
			name = Resources;
			path = SpriteKitSimpleGameResources;
			sourceTree = "<group>";
		};
		F2C3E3DA1A0BF20E004A16D5 /* Sounds */ = {
			isa = PBXGroup;
			children = (
				F2C4E7351A36D67600AEDD6C /* LaserCannon.wav */,
				F2C4E7361A36D67600AEDD6C /* Powerup.wav */,
				F2C3E3DB1A0BF20E004A16D5 /* energyfields2.wav */,
				F2C3E3DC1A0BF20E004A16D5 /* goingUp2.wav */,
				F2C3E3DD1A0BF20E004A16D5 /* hit3.wav */,
				F2C3E3DE1A0BF20E004A16D5 /* lvlup2.wav */,
				F2C3E3DF1A0BF20E004A16D5 /* rockcrumb.wav */,
				F2C3E3E01A0BF20E004A16D5 /* smush.wav */,
				F2D570A51A35A69100FFB0CC /* Music */,
			);
			path = Sounds;
			sourceTree = "<group>";
		};
		F2D570A51A35A69100FFB0CC /* Music */ = {
			isa = PBXGroup;
			children = (
				F2D570AE1A35A7E100FFB0CC /* Space Battle.wav */,
				F2D570A71A35A69100FFB0CC /* Keep Running.wav */,
				F2D570A81A35A69100FFB0CC /* Space Fighter Loop.mp3 */,
				F2D570A91A35A69100FFB0CC /* SynthR - Battalion.mp3 */,
			);
			path = Music;
			sourceTree = "<group>";
		};
		F2F8A1891A353B7400E129BA /* Backgrounds */ = {
			isa = PBXGroup;
			children = (
				F2705D611A3527D900AB6D92 /* backgroundSelection@2x.png */,
				F2705D691A3527D900AB6D92 /* gameOver1@2x.png */,
				F2143A4B1A36B68000926E06 /* TutorialScreen@2x.png */,
			);
			name = Backgrounds;
			sourceTree = "<group>";
		};
		F2F8A18A1A353B7F00E129BA /* MenuButtons */ = {
			isa = PBXGroup;
			children = (
				F2705D661A3527D900AB6D92 /* Confirm@2x.png */,
				F2705D621A3527D900AB6D92 /* BasicHex@2x.png */,
			);
			name = MenuButtons;
			sourceTree = "<group>";
		};
		F2F8A18B1A353B9500E129BA /* Game Elements */ = {
			isa = PBXGroup;
			children = (
				F2C4E7331A36D43900AEDD6C /* shield@2x.png */,
				F2143A4D1A36B82600926E06 /* LaserBolt@2x.png */,
				F2CB539A1A366ADC004AB673 /* blueLaser@2x.png */,
				F27BE4611A357DAC00E404A2 /* Asteroid1@2x.png */,
				F2705D751A3527D900AB6D92 /* Ship@2x.png */,
				F2705D631A3527D900AB6D92 /* basicRock@2x.png */,
				F2705D771A3527D900AB6D92 /* staru@2x.png */,
				F2F8A1871A353B4D00E129BA /* shieldtest@2x.png */,
				F2FB78471A35ADE60061738F /* Boost4@2x.png */,
				F2FB78481A35ADE60061738F /* Brake3@2x.png */,
				F2FB784B1A3649AF0061738F /* Boost4Pressed@2x.png */,
				F2FB784C1A3649AF0061738F /* Brake3Pressed@2x.png */,
			);
			name = "Game Elements";
			sourceTree = "<group>";
		};
		F2F8A18C1A353BB200E129BA /* ships */ = {
			isa = PBXGroup;
			children = (
				F21E81BB1A36681000F5895A /* ship1 */,
				F21E81C31A36681000F5895A /* ship2 */,
				F21E81CB1A36681000F5895A /* ship3 */,
				F21E81AC1A3665A400F5895A /* ship4 */,
				F21E81D31A36681000F5895A /* ship5 */,
				F21E81DB1A36681000F5895A /* ship6 */,
			);
			name = ships;
			sourceTree = "<group>";
		};
		F2FB78511A365A330061738F /* creditsandTutorial */ = {
			isa = PBXGroup;
			children = (
				F2FB78521A365A330061738F /* CreditsPage@2x.png */,
				F21E81AA1A365DA300F5895A /* CreditsPage2@2x.png */,
			);
			path = creditsandTutorial;
			sourceTree = "<group>";
		};
/* End PBXGroup section */

/* Begin PBXNativeTarget section */
		F2C3E3A41A0BE82F004A16D5 /* Galactic Space Race */ = {
			isa = PBXNativeTarget;
			buildConfigurationList = F2C3E3C81A0BE82F004A16D5 /* Build configuration list for PBXNativeTarget "Galactic Space Race" */;
			buildPhases = (
				F2C3E3A11A0BE82F004A16D5 /* Sources */,
				F2C3E3A21A0BE82F004A16D5 /* Frameworks */,
				F2C3E3A31A0BE82F004A16D5 /* Resources */,
				F252C0A31A32C2D9006C6B83 /* ShellScript */,
			);
			buildRules = (
			);
			dependencies = (
			);
			name = "Galactic Space Race";
			productName = "Space Race";
			productReference = F2C3E3A51A0BE82F004A16D5 /* Galactic Space Race.app */;
			productType = "com.apple.product-type.application";
		};
		F2C3E3BD1A0BE82F004A16D5 /* Galactic Space RaceTests */ = {
			isa = PBXNativeTarget;
			buildConfigurationList = F2C3E3CB1A0BE82F004A16D5 /* Build configuration list for PBXNativeTarget "Galactic Space RaceTests" */;
			buildPhases = (
				F2C3E3BA1A0BE82F004A16D5 /* Sources */,
				F2C3E3BB1A0BE82F004A16D5 /* Frameworks */,
				F2C3E3BC1A0BE82F004A16D5 /* Resources */,
			);
			buildRules = (
			);
			dependencies = (
				F2C3E3C01A0BE82F004A16D5 /* PBXTargetDependency */,
			);
			name = "Galactic Space RaceTests";
			productName = "Space RaceTests";
			productReference = F2C3E3BE1A0BE82F004A16D5 /* Galactic Space RaceTests.xctest */;
			productType = "com.apple.product-type.bundle.unit-test";
		};
/* End PBXNativeTarget section */

/* Begin PBXProject section */
		F2C3E39D1A0BE82F004A16D5 /* Project object */ = {
			isa = PBXProject;
			attributes = {
				LastUpgradeCheck = 0610;
				ORGANIZATIONNAME = "Max Takano";
				TargetAttributes = {
					F2C3E3A41A0BE82F004A16D5 = {
						CreatedOnToolsVersion = 6.1;
						DevelopmentTeam = 76HHQKX8RX;
						SystemCapabilities = {
							com.apple.GameCenter = {
								enabled = 1;
							};
						};
					};
					F2C3E3BD1A0BE82F004A16D5 = {
						CreatedOnToolsVersion = 6.1;
						DevelopmentTeam = 76HHQKX8RX;
						TestTargetID = F2C3E3A41A0BE82F004A16D5;
					};
				};
			};
			buildConfigurationList = F2C3E3A01A0BE82F004A16D5 /* Build configuration list for PBXProject "Galactic Space Race" */;
			compatibilityVersion = "Xcode 3.2";
			developmentRegion = English;
			hasScannedForEncodings = 0;
			knownRegions = (
				en,
				Base,
			);
			mainGroup = F2C3E39C1A0BE82F004A16D5;
			productRefGroup = F2C3E3A61A0BE82F004A16D5 /* Products */;
			projectDirPath = "";
			projectRoot = "";
			targets = (
				F2C3E3A41A0BE82F004A16D5 /* Galactic Space Race */,
				F2C3E3BD1A0BE82F004A16D5 /* Galactic Space RaceTests */,
			);
		};
/* End PBXProject section */

/* Begin PBXResourcesBuildPhase section */
		F2C3E3A31A0BE82F004A16D5 /* Resources */ = {
			isa = PBXResourcesBuildPhase;
			buildActionMask = 2147483647;
			files = (
				F21E81EB1A36681000F5895A /* Ship2TiltLeft1@2x.png in Resources */,
				F29F393D1A3576330014C7CA /* Transformers Movie.ttf in Resources */,
				F21E81F31A36681000F5895A /* Ship3TiltLeft2@2x.png in Resources */,
				F21E81EC1A36681000F5895A /* Ship2TiltLeft2@2x.png in Resources */,
				F21E81AB1A365DA300F5895A /* CreditsPage2@2x.png in Resources */,
				F2D570981A35964800FFB0CC /* menu@2x.png in Resources */,
				F21E82031A36681000F5895A /* Ship6TiltRight1@2x.png in Resources */,
				F2D570971A35964800FFB0CC /* Leaderboard@2x.png in Resources */,
				F2C3E3E81A0BF20E004A16D5 /* sprites.atlas in Resources */,
				F2FB78531A365A330061738F /* CreditsPage@2x.png in Resources */,
				F2CB539B1A366ADC004AB673 /* blueLaser@2x.png in Resources */,
				F21E81B61A3665A400F5895A /* Ship4TiltLeft2@2x.png in Resources */,
				F2FB784A1A35ADE60061738F /* Brake3@2x.png in Resources */,
				F2705D7B1A3527D900AB6D92 /* backgroundSelection@2x.png in Resources */,
				F2C3E3E41A0BF20E004A16D5 /* hit3.wav in Resources */,
				F2705D7C1A3527D900AB6D92 /* BasicHex@2x.png in Resources */,
				F2143A4C1A36B68000926E06 /* TutorialScreen@2x.png in Resources */,
				F21E81FC1A36681000F5895A /* Ship5TiltRight1@2x.png in Resources */,
				F2C3E3E71A0BF20E004A16D5 /* smush.wav in Resources */,
				F21E82051A36681000F5895A /* Ship6TiltRight3@2x.png in Resources */,
				F21E81FE1A36681000F5895A /* Ship5TiltRight3@2x.png in Resources */,
				F21E81B91A3665A400F5895A /* Ship4TiltRight2@2x.png in Resources */,
				F2143A481A368FB800926E06 /* Laser@2x.png in Resources */,
				F2C3E3E61A0BF20E004A16D5 /* rockcrumb.wav in Resources */,
				F21E81FA1A36681000F5895A /* Ship5TiltLeft2@2x.png in Resources */,
				F21E81FB1A36681000F5895A /* Ship5TiltLeft3@2x.png in Resources */,
				F21E81E61A36681000F5895A /* Ship1TiltLeft3@2x.png in Resources */,
				F2D570AD1A35A69100FFB0CC /* SynthR - Battalion.mp3 in Resources */,
				F21E81B51A3665A400F5895A /* Ship4TiltLeft1@2x.png in Resources */,
				F21E81EF1A36681000F5895A /* Ship2TiltRight2@2x.png in Resources */,
				F2D5709A1A35964800FFB0CC /* Options@2x.png in Resources */,
				F2F8A1881A353B4D00E129BA /* shieldtest@2x.png in Resources */,
				F2D570AC1A35A69100FFB0CC /* Space Fighter Loop.mp3 in Resources */,
				F2C3E3E21A0BF20E004A16D5 /* energyfields2.wav in Resources */,
				F2D570881A35959100FFB0CC /* Back@2x.png in Resources */,
				F2D5709B1A35964800FFB0CC /* retry@2x.png in Resources */,
				F25BFFCD1A153D430015106D /* SilomBol.ttf in Resources */,
				F2C4E7371A36D67600AEDD6C /* LaserCannon.wav in Resources */,
				F2D570A01A35964800FFB0CC /* Tutorial@2x.png in Resources */,
				F2C4E7381A36D67600AEDD6C /* Powerup.wav in Resources */,
				F21E81BA1A3665A400F5895A /* Ship4TiltRight3@2x.png in Resources */,
				F2705D831A3527D900AB6D92 /* gameOver1@2x.png in Resources */,
				F21E81E41A36681000F5895A /* Ship1TiltLeft1@2x.png in Resources */,
				F2D5709F1A35964800FFB0CC /* TitleBanner@2x.png in Resources */,
				F21E81E51A36681000F5895A /* Ship1TiltLeft2@2x.png in Resources */,
				F2705D801A3527D900AB6D92 /* Confirm@2x.png in Resources */,
				F21E81F71A36681000F5895A /* Ship3TiltRight3@2x.png in Resources */,
				F2C3E3E51A0BF20E004A16D5 /* lvlup2.wav in Resources */,
				F21E81F01A36681000F5895A /* Ship2TiltRight3@2x.png in Resources */,
				F21E81E91A36681000F5895A /* Ship1TiltRight3@2x.png in Resources */,
				F21E82011A36681000F5895A /* Ship6TiltLeft2@2x.png in Resources */,
				F2D5709D1A35964800FFB0CC /* SwitchOff@2x.png in Resources */,
				F21E81ED1A36681000F5895A /* Ship2TiltLeft3@2x.png in Resources */,
				F21E82001A36681000F5895A /* Ship6TiltLeft1@2x.png in Resources */,
				F2143A3E1A36822500926E06 /* EnergyUp@2x.png in Resources */,
				F2D570991A35964800FFB0CC /* MultiPlayer@2x.png in Resources */,
				F21E81B71A3665A400F5895A /* Ship4TiltLeft3@2x.png in Resources */,
				F2D570951A35964800FFB0CC /* Back@2x.png in Resources */,
				F21E81B81A3665A400F5895A /* Ship4TiltRight1@2x.png in Resources */,
				F27BE4621A357DAC00E404A2 /* Asteroid1@2x.png in Resources */,
				F2FB784E1A3649AF0061738F /* Brake3Pressed@2x.png in Resources */,
				F21E82041A36681000F5895A /* Ship6TiltRight2@2x.png in Resources */,
				F2D5709E1A35964800FFB0CC /* SwitchOn@2x.png in Resources */,
				F21E81FD1A36681000F5895A /* Ship5TiltRight2@2x.png in Resources */,
				F2D570961A35964800FFB0CC /* credits@2x.png in Resources */,
				F21E81F11A36681000F5895A /* Ship3@2x.png in Resources */,
				F2705D7D1A3527D900AB6D92 /* basicRock@2x.png in Resources */,
				F21E81F81A36681000F5895A /* Ship5@2x.png in Resources */,
				F2D5709C1A35964800FFB0CC /* SinglePlayer@2x.png in Resources */,
				F2D570AB1A35A69100FFB0CC /* Keep Running.wav in Resources */,
				F2C4E7341A36D43900AEDD6C /* shield@2x.png in Resources */,
				F25BFFCE1A153D430015106D /* artwork.atlas in Resources */,
				F2C3E3B61A0BE82F004A16D5 /* Images.xcassets in Resources */,
				F2143A421A3685BE00926E06 /* Laser2@2x.png in Resources */,
				F21E81E81A36681000F5895A /* Ship1TiltRight2@2x.png in Resources */,
				F2705D8F1A3527D900AB6D92 /* Ship@2x.png in Resources */,
				F2D570AF1A35A7E100FFB0CC /* Space Battle.wav in Resources */,
				F2143A4E1A36B82600926E06 /* LaserBolt@2x.png in Resources */,
				F21E81F51A36681000F5895A /* Ship3TiltRight1@2x.png in Resources */,
				F2FB784D1A3649AF0061738F /* Boost4Pressed@2x.png in Resources */,
				F21E81EE1A36681000F5895A /* Ship2TiltRight1@2x.png in Resources */,
				F2FB78491A35ADE60061738F /* Boost4@2x.png in Resources */,
				F21E81FF1A36681000F5895A /* Ship6@2x.png in Resources */,
				F21E81F21A36681000F5895A /* Ship3TiltLeft1@2x.png in Resources */,
				F21E81F91A36681000F5895A /* Ship5TiltLeft1@2x.png in Resources */,
				F2705D911A3527D900AB6D92 /* staru@2x.png in Resources */,
				F21E81F61A36681000F5895A /* Ship3TiltRight2@2x.png in Resources */,
				F21E82021A36681000F5895A /* Ship6TiltLeft3@2x.png in Resources */,
				F2C3E3E31A0BF20E004A16D5 /* goingUp2.wav in Resources */,
				F21E81E31A36681000F5895A /* Ship1@2x.png in Resources */,
				F21E81EA1A36681000F5895A /* Ship2@2x.png in Resources */,
				F21E81B41A3665A400F5895A /* Ship4@2x.png in Resources */,
				F21E81F41A36681000F5895A /* Ship3TiltLeft3@2x.png in Resources */,
				F21E81E71A36681000F5895A /* Ship1TiltRight1@2x.png in Resources */,
				F2C3E3B41A0BE82F004A16D5 /* Main.storyboard in Resources */,
			);
			runOnlyForDeploymentPostprocessing = 0;
		};
		F2C3E3BC1A0BE82F004A16D5 /* Resources */ = {
			isa = PBXResourcesBuildPhase;
			buildActionMask = 2147483647;
			files = (
			);
			runOnlyForDeploymentPostprocessing = 0;
		};
/* End PBXResourcesBuildPhase section */

/* Begin PBXShellScriptBuildPhase section */
		F252C0A31A32C2D9006C6B83 /* ShellScript */ = {
			isa = PBXShellScriptBuildPhase;
			buildActionMask = 2147483647;
			files = (
			);
			inputPaths = (
			);
			outputPaths = (
			);
			runOnlyForDeploymentPostprocessing = 0;
			shellPath = /bin/sh;
			shellScript = "./Crashlytics.framework/run fdd3ba23b93d18d5a5ab50bf7be9b6153d511509 9489dff4cd8d5f5a62516496d173563f1b37f5e3ae4c1acd710f8a8e8fc4857c";
		};
/* End PBXShellScriptBuildPhase section */

/* Begin PBXSourcesBuildPhase section */
		F2C3E3A11A0BE82F004A16D5 /* Sources */ = {
			isa = PBXSourcesBuildPhase;
			buildActionMask = 2147483647;
			files = (
				F216DE001A2E5D9A0014A7FA /* MainMenu.swift in Sources */,
				F2A6DF2F1A33BABA00284B81 /* OptionsScene.swift in Sources */,
				F20D3D271A251B4700510B15 /* CollisionManager.swift in Sources */,
				F2BD0EF61A2E5A2D00AAB205 /* GameKitHelper.swift in Sources */,
				F2143A401A36827F00926E06 /* PelletGunPowerup.swift in Sources */,
				F2639A3D1A1529A6003DD8CC /* SpaceShip.swift in Sources */,
				F2C3E3D71A0BF201004A16D5 /* ParticleSystems.swift in Sources */,
				F2BD0EF21A2E574E00AAB205 /* ShipBullet.swift in Sources */,
				F216DE021A2E608A0014A7FA /* MultiplayerStaging.swift in Sources */,
				F2C3E3AF1A0BE82F004A16D5 /* GameScene.swift in Sources */,
				F2BD0EF71A2E5A2D00AAB205 /* MultiplayerNetworking.swift in Sources */,
				F2639A3F1A1529B8003DD8CC /* Star.swift in Sources */,
				F2D570B11A35A83500FFB0CC /* MusicManager.swift in Sources */,
				F2143A451A368E4B00926E06 /* LaserBullet.swift in Sources */,
				F252C0A71A32E0F6006C6B83 /* GameOverScene.swift in Sources */,
				F24CDEFB1A15322A00E9B5F0 /* MotionUtility.swift in Sources */,
				F25BFFC21A1535C80015106D /* Constants.swift in Sources */,
				F2320E481A36C2950034E795 /* Queue.swift in Sources */,
				F2705D5C1A351F3700AB6D92 /* ShipSelectionScene.swift in Sources */,
				F2639A411A1529C1003DD8CC /* Asteroid.swift in Sources */,
				F2FB78501A3659B20061738F /* CreditsScene.swift in Sources */,
				F2C3E3D81A0BF201004A16D5 /* PhysicsUtilities.swift in Sources */,
				F2FF22A41A32FEA800F0A5A7 /* ScoreScene.swift in Sources */,
				F2C3E3B11A0BE82F004A16D5 /* GameViewController.swift in Sources */,
				F2014D361A30DA9F00DA8A0F /* Buttons.swift in Sources */,
				F2143A4A1A36B62F00926E06 /* TutorialScene.swift in Sources */,
				F2C3E3AB1A0BE82F004A16D5 /* AppDelegate.swift in Sources */,
				F2143A461A368E4B00926E06 /* LaserPowerup.swift in Sources */,
				F20D3D281A251B4700510B15 /* Energy.swift in Sources */,
			);
			runOnlyForDeploymentPostprocessing = 0;
		};
		F2C3E3BA1A0BE82F004A16D5 /* Sources */ = {
			isa = PBXSourcesBuildPhase;
			buildActionMask = 2147483647;
			files = (
				F2C3E3C51A0BE82F004A16D5 /* Space_RaceTests.swift in Sources */,
			);
			runOnlyForDeploymentPostprocessing = 0;
		};
/* End PBXSourcesBuildPhase section */

/* Begin PBXTargetDependency section */
		F2C3E3C01A0BE82F004A16D5 /* PBXTargetDependency */ = {
			isa = PBXTargetDependency;
			target = F2C3E3A41A0BE82F004A16D5 /* Galactic Space Race */;
			targetProxy = F2C3E3BF1A0BE82F004A16D5 /* PBXContainerItemProxy */;
		};
/* End PBXTargetDependency section */

/* Begin PBXVariantGroup section */
		F2C3E3B21A0BE82F004A16D5 /* Main.storyboard */ = {
			isa = PBXVariantGroup;
			children = (
				F2C3E3B31A0BE82F004A16D5 /* Base */,
			);
			name = Main.storyboard;
			sourceTree = "<group>";
		};
/* End PBXVariantGroup section */

/* Begin XCBuildConfiguration section */
		F2C3E3C61A0BE82F004A16D5 /* Debug */ = {
			isa = XCBuildConfiguration;
			buildSettings = {
				ALWAYS_SEARCH_USER_PATHS = NO;
				CLANG_CXX_LANGUAGE_STANDARD = "gnu++0x";
				CLANG_CXX_LIBRARY = "libc++";
				CLANG_ENABLE_MODULES = YES;
				CLANG_ENABLE_OBJC_ARC = YES;
				CLANG_WARN_BOOL_CONVERSION = YES;
				CLANG_WARN_CONSTANT_CONVERSION = YES;
				CLANG_WARN_DIRECT_OBJC_ISA_USAGE = YES_ERROR;
				CLANG_WARN_EMPTY_BODY = YES;
				CLANG_WARN_ENUM_CONVERSION = YES;
				CLANG_WARN_INT_CONVERSION = YES;
				CLANG_WARN_OBJC_ROOT_CLASS = YES_ERROR;
				CLANG_WARN_UNREACHABLE_CODE = YES;
				CLANG_WARN__DUPLICATE_METHOD_MATCH = YES;
				"CODE_SIGN_IDENTITY[sdk=iphoneos*]" = "iPhone Developer";
				COPY_PHASE_STRIP = NO;
				ENABLE_STRICT_OBJC_MSGSEND = YES;
				GCC_C_LANGUAGE_STANDARD = gnu99;
				GCC_DYNAMIC_NO_PIC = NO;
				GCC_OPTIMIZATION_LEVEL = 0;
				GCC_PREPROCESSOR_DEFINITIONS = (
					"DEBUG=1",
					"$(inherited)",
				);
				GCC_SYMBOLS_PRIVATE_EXTERN = NO;
				GCC_WARN_64_TO_32_BIT_CONVERSION = YES;
				GCC_WARN_ABOUT_RETURN_TYPE = YES_ERROR;
				GCC_WARN_UNDECLARED_SELECTOR = YES;
				GCC_WARN_UNINITIALIZED_AUTOS = YES_AGGRESSIVE;
				GCC_WARN_UNUSED_FUNCTION = YES;
				GCC_WARN_UNUSED_VARIABLE = YES;
				IPHONEOS_DEPLOYMENT_TARGET = 7.1;
				MTL_ENABLE_DEBUG_INFO = YES;
				ONLY_ACTIVE_ARCH = YES;
				SDKROOT = iphoneos;
				SWIFT_OPTIMIZATION_LEVEL = "-Onone";
			};
			name = Debug;
		};
		F2C3E3C71A0BE82F004A16D5 /* Release */ = {
			isa = XCBuildConfiguration;
			buildSettings = {
				ALWAYS_SEARCH_USER_PATHS = NO;
				CLANG_CXX_LANGUAGE_STANDARD = "gnu++0x";
				CLANG_CXX_LIBRARY = "libc++";
				CLANG_ENABLE_MODULES = YES;
				CLANG_ENABLE_OBJC_ARC = YES;
				CLANG_WARN_BOOL_CONVERSION = YES;
				CLANG_WARN_CONSTANT_CONVERSION = YES;
				CLANG_WARN_DIRECT_OBJC_ISA_USAGE = YES_ERROR;
				CLANG_WARN_EMPTY_BODY = YES;
				CLANG_WARN_ENUM_CONVERSION = YES;
				CLANG_WARN_INT_CONVERSION = YES;
				CLANG_WARN_OBJC_ROOT_CLASS = YES_ERROR;
				CLANG_WARN_UNREACHABLE_CODE = YES;
				CLANG_WARN__DUPLICATE_METHOD_MATCH = YES;
				"CODE_SIGN_IDENTITY[sdk=iphoneos*]" = "iPhone Developer";
				COPY_PHASE_STRIP = YES;
				ENABLE_NS_ASSERTIONS = NO;
				ENABLE_STRICT_OBJC_MSGSEND = YES;
				GCC_C_LANGUAGE_STANDARD = gnu99;
				GCC_WARN_64_TO_32_BIT_CONVERSION = YES;
				GCC_WARN_ABOUT_RETURN_TYPE = YES_ERROR;
				GCC_WARN_UNDECLARED_SELECTOR = YES;
				GCC_WARN_UNINITIALIZED_AUTOS = YES_AGGRESSIVE;
				GCC_WARN_UNUSED_FUNCTION = YES;
				GCC_WARN_UNUSED_VARIABLE = YES;
				IPHONEOS_DEPLOYMENT_TARGET = 7.1;
				MTL_ENABLE_DEBUG_INFO = NO;
				SDKROOT = iphoneos;
				VALIDATE_PRODUCT = YES;
			};
			name = Release;
		};
		F2C3E3C91A0BE82F004A16D5 /* Debug */ = {
			isa = XCBuildConfiguration;
			buildSettings = {
				ASSETCATALOG_COMPILER_APPICON_NAME = AppIcon;
				ASSETCATALOG_COMPILER_LAUNCHIMAGE_NAME = LaunchImage;
				CODE_SIGN_IDENTITY = "iPhone Developer";
				"CODE_SIGN_IDENTITY[sdk=iphoneos*]" = "iPhone Developer";
				FRAMEWORK_SEARCH_PATHS = (
					"$(inherited)",
					"$(PROJECT_DIR)",
				);
				INFOPLIST_FILE = "Space Race/Info.plist";
				IPHONEOS_DEPLOYMENT_TARGET = 7.1;
				LD_RUNPATH_SEARCH_PATHS = "$(inherited) @executable_path/Frameworks";
				PRODUCT_NAME = "Galactic Space Race";
				PROVISIONING_PROFILE = "";
				SWIFT_OPTIMIZATION_LEVEL = "-Onone";
			};
			name = Debug;
		};
		F2C3E3CA1A0BE82F004A16D5 /* Release */ = {
			isa = XCBuildConfiguration;
			buildSettings = {
				ASSETCATALOG_COMPILER_APPICON_NAME = AppIcon;
				ASSETCATALOG_COMPILER_LAUNCHIMAGE_NAME = LaunchImage;
				CODE_SIGN_IDENTITY = "iPhone Developer";
				"CODE_SIGN_IDENTITY[sdk=iphoneos*]" = "iPhone Developer";
				FRAMEWORK_SEARCH_PATHS = (
					"$(inherited)",
					"$(PROJECT_DIR)",
				);
				INFOPLIST_FILE = "Space Race/Info.plist";
				IPHONEOS_DEPLOYMENT_TARGET = 7.1;
				LD_RUNPATH_SEARCH_PATHS = "$(inherited) @executable_path/Frameworks";
				PRODUCT_NAME = "Galactic Space Race";
				PROVISIONING_PROFILE = "";
				SWIFT_OPTIMIZATION_LEVEL = "-Onone";
			};
			name = Release;
		};
		F2C3E3CC1A0BE82F004A16D5 /* Debug */ = {
			isa = XCBuildConfiguration;
			buildSettings = {
				BUNDLE_LOADER = "$(TEST_HOST)";
				FRAMEWORK_SEARCH_PATHS = (
					"$(SDKROOT)/Developer/Library/Frameworks",
					"$(inherited)",
				);
				GCC_PREPROCESSOR_DEFINITIONS = (
					"DEBUG=1",
					"$(inherited)",
				);
				INFOPLIST_FILE = "Space RaceTests/Info.plist";
				LD_RUNPATH_SEARCH_PATHS = "$(inherited) @executable_path/Frameworks @loader_path/Frameworks";
				PRODUCT_NAME = "Galactic Space RaceTests";
				TEST_HOST = "$(BUILT_PRODUCTS_DIR)/Galactic Space Race.app/Galactic Space Race";
			};
			name = Debug;
		};
		F2C3E3CD1A0BE82F004A16D5 /* Release */ = {
			isa = XCBuildConfiguration;
			buildSettings = {
				BUNDLE_LOADER = "$(TEST_HOST)";
				FRAMEWORK_SEARCH_PATHS = (
					"$(SDKROOT)/Developer/Library/Frameworks",
					"$(inherited)",
				);
				INFOPLIST_FILE = "Space RaceTests/Info.plist";
				LD_RUNPATH_SEARCH_PATHS = "$(inherited) @executable_path/Frameworks @loader_path/Frameworks";
				PRODUCT_NAME = "Galactic Space RaceTests";
				TEST_HOST = "$(BUILT_PRODUCTS_DIR)/Galactic Space Race.app/Galactic Space Race";
			};
			name = Release;
		};
/* End XCBuildConfiguration section */

/* Begin XCConfigurationList section */
		F2C3E3A01A0BE82F004A16D5 /* Build configuration list for PBXProject "Galactic Space Race" */ = {
			isa = XCConfigurationList;
			buildConfigurations = (
				F2C3E3C61A0BE82F004A16D5 /* Debug */,
				F2C3E3C71A0BE82F004A16D5 /* Release */,
			);
			defaultConfigurationIsVisible = 0;
			defaultConfigurationName = Release;
		};
		F2C3E3C81A0BE82F004A16D5 /* Build configuration list for PBXNativeTarget "Galactic Space Race" */ = {
			isa = XCConfigurationList;
			buildConfigurations = (
				F2C3E3C91A0BE82F004A16D5 /* Debug */,
				F2C3E3CA1A0BE82F004A16D5 /* Release */,
			);
			defaultConfigurationIsVisible = 0;
			defaultConfigurationName = Release;
		};
		F2C3E3CB1A0BE82F004A16D5 /* Build configuration list for PBXNativeTarget "Galactic Space RaceTests" */ = {
			isa = XCConfigurationList;
			buildConfigurations = (
				F2C3E3CC1A0BE82F004A16D5 /* Debug */,
				F2C3E3CD1A0BE82F004A16D5 /* Release */,
			);
			defaultConfigurationIsVisible = 0;
			defaultConfigurationName = Release;
		};
/* End XCConfigurationList section */
	};
	rootObject = F2C3E39D1A0BE82F004A16D5 /* Project object */;
}
